{
  "object": {
    "pins": [
      {
        "package": "Stevia",
        "repositoryURL": "https://github.com/freshOS/Stevia.git",
        "state": {
          "branch": null,
          "revision": "4b7e6403b28e8460afbe1121e789b4f0d220e2ed",
          "version": "5.0.0"
        }
      }
    ]
  },
  "version": 1
}
