// !$*UTF8*$!
{
	archiveVersion = 1;
	classes = {
	};
	objectVersion = 52;
	objects = {

/* Begin PBXBuildFile section */
		99298514243C632200F14364 /* AppDelegate.swift in Sources */ = {isa = PBXBuildFile; fileRef = 99298513243C632200F14364 /* AppDelegate.swift */; };
		99298518243C632200F14364 /* HomeVC.swift in Sources */ = {isa = PBXBuildFile; fileRef = 99298517243C632200F14364 /* HomeVC.swift */; };
		9929851D243C632300F14364 /* Assets.xcassets in Resources */ = {isa = PBXBuildFile; fileRef = 9929851C243C632300F14364 /* Assets.xcassets */; };
		99298520243C632300F14364 /* LaunchScreen.storyboard in Resources */ = {isa = PBXBuildFile; fileRef = 9929851E243C632300F14364 /* LaunchScreen.storyboard */; };
		99298529243C7B7200F14364 /* Stevia in Frameworks */ = {isa = PBXBuildFile; productRef = 99298528243C7B7200F14364 /* Stevia */; };
		99634799243E36500095BCF1 /* KeyboardLayoutGuide in Frameworks */ = {isa = PBXBuildFile; productRef = 99634798243E36500095BCF1 /* KeyboardLayoutGuide */; };
		9963479B243E36A50095BCF1 /* HomeView.swift in Sources */ = {isa = PBXBuildFile; fileRef = 9963479A243E36A50095BCF1 /* HomeView.swift */; };
/* End PBXBuildFile section */

/* Begin PBXFileReference section */
		99298510243C632200F14364 /* Eurovision2020.app */ = {isa = PBXFileReference; explicitFileType = wrapper.application; includeInIndex = 0; path = Eurovision2020.app; sourceTree = BUILT_PRODUCTS_DIR; };
		99298513243C632200F14364 /* AppDelegate.swift */ = {isa = PBXFileReference; lastKnownFileType = sourcecode.swift; path = AppDelegate.swift; sourceTree = "<group>"; };
		99298517243C632200F14364 /* HomeVC.swift */ = {isa = PBXFileReference; lastKnownFileType = sourcecode.swift; path = HomeVC.swift; sourceTree = "<group>"; };
		9929851C243C632300F14364 /* Assets.xcassets */ = {isa = PBXFileReference; lastKnownFileType = folder.assetcatalog; path = Assets.xcassets; sourceTree = "<group>"; };
		9929851F243C632300F14364 /* Base */ = {isa = PBXFileReference; lastKnownFileType = file.storyboard; name = Base; path = Base.lproj/LaunchScreen.storyboard; sourceTree = "<group>"; };
		99298521243C632300F14364 /* Info.plist */ = {isa = PBXFileReference; lastKnownFileType = text.plist.xml; path = Info.plist; sourceTree = "<group>"; };
		9963479A243E36A50095BCF1 /* HomeView.swift */ = {isa = PBXFileReference; lastKnownFileType = sourcecode.swift; path = HomeView.swift; sourceTree = "<group>"; };
/* End PBXFileReference section */

/* Begin PBXFrameworksBuildPhase section */
		9929850D243C632200F14364 /* Frameworks */ = {
			isa = PBXFrameworksBuildPhase;
			buildActionMask = 2147483647;
			files = (
				99634799243E36500095BCF1 /* KeyboardLayoutGuide in Frameworks */,
				99298529243C7B7200F14364 /* Stevia in Frameworks */,
			);
			runOnlyForDeploymentPostprocessing = 0;
		};
/* End PBXFrameworksBuildPhase section */

/* Begin PBXGroup section */
		99298507243C632200F14364 = {
			isa = PBXGroup;
			children = (
				99298512243C632200F14364 /* Eurovision2020 */,
				99298511243C632200F14364 /* Products */,
			);
			sourceTree = "<group>";
		};
		99298511243C632200F14364 /* Products */ = {
			isa = PBXGroup;
			children = (
				99298510243C632200F14364 /* Eurovision2020.app */,
			);
			name = Products;
			sourceTree = "<group>";
		};
		99298512243C632200F14364 /* Eurovision2020 */ = {
			isa = PBXGroup;
			children = (
				99298513243C632200F14364 /* AppDelegate.swift */,
				99298517243C632200F14364 /* HomeVC.swift */,
				9963479A243E36A50095BCF1 /* HomeView.swift */,
				9929851C243C632300F14364 /* Assets.xcassets */,
				9929851E243C632300F14364 /* LaunchScreen.storyboard */,
				99298521243C632300F14364 /* Info.plist */,
			);
			path = Eurovision2020;
			sourceTree = "<group>";
		};
/* End PBXGroup section */

/* Begin PBXNativeTarget section */
		9929850F243C632200F14364 /* Eurovision2020 */ = {
			isa = PBXNativeTarget;
			buildConfigurationList = 99298524243C632300F14364 /* Build configuration list for PBXNativeTarget "Eurovision2020" */;
			buildPhases = (
				9929850C243C632200F14364 /* Sources */,
				9929850D243C632200F14364 /* Frameworks */,
				9929850E243C632200F14364 /* Resources */,
			);
			buildRules = (
			);
			dependencies = (
			);
			name = Eurovision2020;
			packageProductDependencies = (
				99298528243C7B7200F14364 /* Stevia */,
				99634798243E36500095BCF1 /* KeyboardLayoutGuide */,
			);
			productName = Eurovision2020;
			productReference = 99298510243C632200F14364 /* Eurovision2020.app */;
			productType = "com.apple.product-type.application";
		};
/* End PBXNativeTarget section */

/* Begin PBXProject section */
		99298508243C632200F14364 /* Project object */ = {
			isa = PBXProject;
			attributes = {
				LastSwiftUpdateCheck = 1130;
				LastUpgradeCheck = 1130;
				ORGANIZATIONNAME = MarsacProductions;
				TargetAttributes = {
					9929850F243C632200F14364 = {
						CreatedOnToolsVersion = 11.3.1;
					};
				};
			};
			buildConfigurationList = 9929850B243C632200F14364 /* Build configuration list for PBXProject "Eurovision2020" */;
			compatibilityVersion = "Xcode 9.3";
			developmentRegion = en;
			hasScannedForEncodings = 0;
			knownRegions = (
				en,
				Base,
			);
			mainGroup = 99298507243C632200F14364;
			packageReferences = (
				99298527243C7B7200F14364 /* XCRemoteSwiftPackageReference "Stevia" */,
				99634797243E36500095BCF1 /* XCRemoteSwiftPackageReference "KeyboardLayoutGuide" */,
			);
			productRefGroup = 99298511243C632200F14364 /* Products */;
			projectDirPath = "";
			projectRoot = "";
			targets = (
				9929850F243C632200F14364 /* Eurovision2020 */,
			);
		};
/* End PBXProject section */

/* Begin PBXResourcesBuildPhase section */
		9929850E243C632200F14364 /* Resources */ = {
			isa = PBXResourcesBuildPhase;
			buildActionMask = 2147483647;
			files = (
				99298520243C632300F14364 /* LaunchScreen.storyboard in Resources */,
				9929851D243C632300F14364 /* Assets.xcassets in Resources */,
			);
			runOnlyForDeploymentPostprocessing = 0;
		};
/* End PBXResourcesBuildPhase section */

/* Begin PBXSourcesBuildPhase section */
		9929850C243C632200F14364 /* Sources */ = {
			isa = PBXSourcesBuildPhase;
			buildActionMask = 2147483647;
			files = (
				9963479B243E36A50095BCF1 /* HomeView.swift in Sources */,
				99298518243C632200F14364 /* HomeVC.swift in Sources */,
				99298514243C632200F14364 /* AppDelegate.swift in Sources */,
			);
			runOnlyForDeploymentPostprocessing = 0;
		};
/* End PBXSourcesBuildPhase section */

/* Begin PBXVariantGroup section */
		9929851E243C632300F14364 /* LaunchScreen.storyboard */ = {
			isa = PBXVariantGroup;
			children = (
				9929851F243C632300F14364 /* Base */,
			);
			name = LaunchScreen.storyboard;
			sourceTree = "<group>";
		};
/* End PBXVariantGroup section */

/* Begin XCBuildConfiguration section */
		99298522243C632300F14364 /* Debug */ = {
			isa = XCBuildConfiguration;
			buildSettings = {
				ALWAYS_SEARCH_USER_PATHS = NO;
				CLANG_ANALYZER_NONNULL = YES;
				CLANG_ANALYZER_NUMBER_OBJECT_CONVERSION = YES_AGGRESSIVE;
				CLANG_CXX_LANGUAGE_STANDARD = "gnu++14";
				CLANG_CXX_LIBRARY = "libc++";
				CLANG_ENABLE_MODULES = YES;
				CLANG_ENABLE_OBJC_ARC = YES;
				CLANG_ENABLE_OBJC_WEAK = YES;
				CLANG_WARN_BLOCK_CAPTURE_AUTORELEASING = YES;
				CLANG_WARN_BOOL_CONVERSION = YES;
				CLANG_WARN_COMMA = YES;
				CLANG_WARN_CONSTANT_CONVERSION = YES;
				CLANG_WARN_DEPRECATED_OBJC_IMPLEMENTATIONS = YES;
				CLANG_WARN_DIRECT_OBJC_ISA_USAGE = YES_ERROR;
				CLANG_WARN_DOCUMENTATION_COMMENTS = YES;
				CLANG_WARN_EMPTY_BODY = YES;
				CLANG_WARN_ENUM_CONVERSION = YES;
				CLANG_WARN_INFINITE_RECURSION = YES;
				CLANG_WARN_INT_CONVERSION = YES;
				CLANG_WARN_NON_LITERAL_NULL_CONVERSION = YES;
				CLANG_WARN_OBJC_IMPLICIT_RETAIN_SELF = YES;
				CLANG_WARN_OBJC_LITERAL_CONVERSION = YES;
				CLANG_WARN_OBJC_ROOT_CLASS = YES_ERROR;
				CLANG_WARN_RANGE_LOOP_ANALYSIS = YES;
				CLANG_WARN_STRICT_PROTOTYPES = YES;
				CLANG_WARN_SUSPICIOUS_MOVE = YES;
				CLANG_WARN_UNGUARDED_AVAILABILITY = YES_AGGRESSIVE;
				CLANG_WARN_UNREACHABLE_CODE = YES;
				CLANG_WARN__DUPLICATE_METHOD_MATCH = YES;
				COPY_PHASE_STRIP = NO;
				DEBUG_INFORMATION_FORMAT = dwarf;
				ENABLE_STRICT_OBJC_MSGSEND = YES;
				ENABLE_TESTABILITY = YES;
				GCC_C_LANGUAGE_STANDARD = gnu11;
				GCC_DYNAMIC_NO_PIC = NO;
				GCC_NO_COMMON_BLOCKS = YES;
				GCC_OPTIMIZATION_LEVEL = 0;
				GCC_PREPROCESSOR_DEFINITIONS = (
					"DEBUG=1",
					"$(inherited)",
				);
				GCC_WARN_64_TO_32_BIT_CONVERSION = YES;
				GCC_WARN_ABOUT_RETURN_TYPE = YES_ERROR;
				GCC_WARN_UNDECLARED_SELECTOR = YES;
				GCC_WARN_UNINITIALIZED_AUTOS = YES_AGGRESSIVE;
				GCC_WARN_UNUSED_FUNCTION = YES;
				GCC_WARN_UNUSED_VARIABLE = YES;
				IPHONEOS_DEPLOYMENT_TARGET = 13.2;
				MTL_ENABLE_DEBUG_INFO = INCLUDE_SOURCE;
				MTL_FAST_MATH = YES;
				ONLY_ACTIVE_ARCH = YES;
				SDKROOT = iphoneos;
				SWIFT_ACTIVE_COMPILATION_CONDITIONS = DEBUG;
				SWIFT_OPTIMIZATION_LEVEL = "-Onone";
			};
			name = Debug;
		};
		99298523243C632300F14364 /* Release */ = {
			isa = XCBuildConfiguration;
			buildSettings = {
				ALWAYS_SEARCH_USER_PATHS = NO;
				CLANG_ANALYZER_NONNULL = YES;
				CLANG_ANALYZER_NUMBER_OBJECT_CONVERSION = YES_AGGRESSIVE;
				CLANG_CXX_LANGUAGE_STANDARD = "gnu++14";
				CLANG_CXX_LIBRARY = "libc++";
				CLANG_ENABLE_MODULES = YES;
				CLANG_ENABLE_OBJC_ARC = YES;
				CLANG_ENABLE_OBJC_WEAK = YES;
				CLANG_WARN_BLOCK_CAPTURE_AUTORELEASING = YES;
				CLANG_WARN_BOOL_CONVERSION = YES;
				CLANG_WARN_COMMA = YES;
				CLANG_WARN_CONSTANT_CONVERSION = YES;
				CLANG_WARN_DEPRECATED_OBJC_IMPLEMENTATIONS = YES;
				CLANG_WARN_DIRECT_OBJC_ISA_USAGE = YES_ERROR;
				CLANG_WARN_DOCUMENTATION_COMMENTS = YES;
				CLANG_WARN_EMPTY_BODY = YES;
				CLANG_WARN_ENUM_CONVERSION = YES;
				CLANG_WARN_INFINITE_RECURSION = YES;
				CLANG_WARN_INT_CONVERSION = YES;
				CLANG_WARN_NON_LITERAL_NULL_CONVERSION = YES;
				CLANG_WARN_OBJC_IMPLICIT_RETAIN_SELF = YES;
				CLANG_WARN_OBJC_LITERAL_CONVERSION = YES;
				CLANG_WARN_OBJC_ROOT_CLASS = YES_ERROR;
				CLANG_WARN_RANGE_LOOP_ANALYSIS = YES;
				CLANG_WARN_STRICT_PROTOTYPES = YES;
				CLANG_WARN_SUSPICIOUS_MOVE = YES;
				CLANG_WARN_UNGUARDED_AVAILABILITY = YES_AGGRESSIVE;
				CLANG_WARN_UNREACHABLE_CODE = YES;
				CLANG_WARN__DUPLICATE_METHOD_MATCH = YES;
				COPY_PHASE_STRIP = NO;
				DEBUG_INFORMATION_FORMAT = "dwarf-with-dsym";
				ENABLE_NS_ASSERTIONS = NO;
				ENABLE_STRICT_OBJC_MSGSEND = YES;
				GCC_C_LANGUAGE_STANDARD = gnu11;
				GCC_NO_COMMON_BLOCKS = YES;
				GCC_WARN_64_TO_32_BIT_CONVERSION = YES;
				GCC_WARN_ABOUT_RETURN_TYPE = YES_ERROR;
				GCC_WARN_UNDECLARED_SELECTOR = YES;
				GCC_WARN_UNINITIALIZED_AUTOS = YES_AGGRESSIVE;
				GCC_WARN_UNUSED_FUNCTION = YES;
				GCC_WARN_UNUSED_VARIABLE = YES;
				IPHONEOS_DEPLOYMENT_TARGET = 13.2;
				MTL_ENABLE_DEBUG_INFO = NO;
				MTL_FAST_MATH = YES;
				SDKROOT = iphoneos;
				SWIFT_COMPILATION_MODE = wholemodule;
				SWIFT_OPTIMIZATION_LEVEL = "-O";
				VALIDATE_PRODUCT = YES;
			};
			name = Release;
		};
		99298525243C632300F14364 /* Debug */ = {
			isa = XCBuildConfiguration;
			buildSettings = {
				ASSETCATALOG_COMPILER_APPICON_NAME = AppIcon;
				CODE_SIGN_STYLE = Automatic;
				DEVELOPMENT_TEAM = SG9BHA8J2M;
				INFOPLIST_FILE = Eurovision2020/Info.plist;
				LD_RUNPATH_SEARCH_PATHS = (
					"$(inherited)",
					"@executable_path/Frameworks",
				);
				PRODUCT_BUNDLE_IDENTIFIER = com.marsacproductions.Eurovision2020;
				PRODUCT_NAME = "$(TARGET_NAME)";
				SWIFT_VERSION = 5.0;
				TARGETED_DEVICE_FAMILY = "1,2";
			};
			name = Debug;
		};
		99298526243C632300F14364 /* Release */ = {
			isa = XCBuildConfiguration;
			buildSettings = {
				ASSETCATALOG_COMPILER_APPICON_NAME = AppIcon;
				CODE_SIGN_STYLE = Automatic;
				DEVELOPMENT_TEAM = SG9BHA8J2M;
				INFOPLIST_FILE = Eurovision2020/Info.plist;
				LD_RUNPATH_SEARCH_PATHS = (
					"$(inherited)",
					"@executable_path/Frameworks",
				);
				PRODUCT_BUNDLE_IDENTIFIER = com.marsacproductions.Eurovision2020;
				PRODUCT_NAME = "$(TARGET_NAME)";
				SWIFT_VERSION = 5.0;
				TARGETED_DEVICE_FAMILY = "1,2";
			};
			name = Release;
		};
/* End XCBuildConfiguration section */

/* Begin XCConfigurationList section */
		9929850B243C632200F14364 /* Build configuration list for PBXProject "Eurovision2020" */ = {
			isa = XCConfigurationList;
			buildConfigurations = (
				99298522243C632300F14364 /* Debug */,
				99298523243C632300F14364 /* Release */,
			);
			defaultConfigurationIsVisible = 0;
			defaultConfigurationName = Release;
		};
		99298524243C632300F14364 /* Build configuration list for PBXNativeTarget "Eurovision2020" */ = {
			isa = XCConfigurationList;
			buildConfigurations = (
				99298525243C632300F14364 /* Debug */,
				99298526243C632300F14364 /* Release */,
			);
			defaultConfigurationIsVisible = 0;
			defaultConfigurationName = Release;
		};
/* End XCConfigurationList section */

/* Begin XCRemoteSwiftPackageReference section */
		99298527243C7B7200F14364 /* XCRemoteSwiftPackageReference "Stevia" */ = {
			isa = XCRemoteSwiftPackageReference;
			repositoryURL = "https://github.com/freshOS/Stevia.git";
			requirement = {
				kind = exactVersion;
				version = 5.0.0;
			};
		};
		99634797243E36500095BCF1 /* XCRemoteSwiftPackageReference "KeyboardLayoutGuide" */ = {
			isa = XCRemoteSwiftPackageReference;
			repositoryURL = "https://github.com/freshOS/KeyboardLayoutGuide.git";
			requirement = {
				kind = exactVersion;
				version = 1.7.0;
			};
		};
/* End XCRemoteSwiftPackageReference section */

/* Begin XCSwiftPackageProductDependency section */
		99298528243C7B7200F14364 /* Stevia */ = {
			isa = XCSwiftPackageProductDependency;
			package = 99298527243C7B7200F14364 /* XCRemoteSwiftPackageReference "Stevia" */;
			productName = Stevia;
		};
		99634798243E36500095BCF1 /* KeyboardLayoutGuide */ = {
			isa = XCSwiftPackageProductDependency;
			package = 99634797243E36500095BCF1 /* XCRemoteSwiftPackageReference "KeyboardLayoutGuide" */;
			productName = KeyboardLayoutGuide;
		};
/* End XCSwiftPackageProductDependency section */
	};
	rootObject = 99298508243C632200F14364 /* Project object */;
}
