// !$*UTF8*$!
{
	archiveVersion = 1;
	classes = {
	};
	objectVersion = 52;
	objects = {

/* Begin PBXBuildFile section */
		5E1AABCD616444C39F84AF77 /* Pods_Eurovision2020.framework in Frameworks */ = {isa = PBXBuildFile; fileRef = C8F67B4E9DA075C51D4D149B /* Pods_Eurovision2020.framework */; };
		99112B8B243F94600067CF2D /* FlagKit.framework in Frameworks */ = {isa = PBXBuildFile; fileRef = 99112B8A243F94600067CF2D /* FlagKit.framework */; };
		99112B8D243F9CAD0067CF2D /* SummaryVC.swift in Sources */ = {isa = PBXBuildFile; fileRef = 99112B8C243F9CAD0067CF2D /* SummaryVC.swift */; };
		99112B8F243F9CD60067CF2D /* SummaryView.swift in Sources */ = {isa = PBXBuildFile; fileRef = 99112B8E243F9CD60067CF2D /* SummaryView.swift */; };
		99298514243C632200F14364 /* AppDelegate.swift in Sources */ = {isa = PBXBuildFile; fileRef = 99298513243C632200F14364 /* AppDelegate.swift */; };
		99298518243C632200F14364 /* PhoneNumberValidationVC.swift in Sources */ = {isa = PBXBuildFile; fileRef = 99298517243C632200F14364 /* PhoneNumberValidationVC.swift */; };
		9929851D243C632300F14364 /* Assets.xcassets in Resources */ = {isa = PBXBuildFile; fileRef = 9929851C243C632300F14364 /* Assets.xcassets */; };
		99298520243C632300F14364 /* LaunchScreen.storyboard in Resources */ = {isa = PBXBuildFile; fileRef = 9929851E243C632300F14364 /* LaunchScreen.storyboard */; };
		99298529243C7B7200F14364 /* Stevia in Frameworks */ = {isa = PBXBuildFile; productRef = 99298528243C7B7200F14364 /* Stevia */; };
		99634799243E36500095BCF1 /* KeyboardLayoutGuide in Frameworks */ = {isa = PBXBuildFile; productRef = 99634798243E36500095BCF1 /* KeyboardLayoutGuide */; };
		9963479B243E36A50095BCF1 /* PhoneNumberValidationView.swift in Sources */ = {isa = PBXBuildFile; fileRef = 9963479A243E36A50095BCF1 /* PhoneNumberValidationView.swift */; };
		9963479D243F06890095BCF1 /* VotingVC.swift in Sources */ = {isa = PBXBuildFile; fileRef = 9963479C243F06890095BCF1 /* VotingVC.swift */; };
		9963479F243F06D10095BCF1 /* VotingView.swift in Sources */ = {isa = PBXBuildFile; fileRef = 9963479E243F06D10095BCF1 /* VotingView.swift */; };
		996347A1243F0BD90095BCF1 /* VotingCell.swift in Sources */ = {isa = PBXBuildFile; fileRef = 996347A0243F0BD90095BCF1 /* VotingCell.swift */; };
		99B60F792443472100C1FA44 /* PhoneNumberKit in Frameworks */ = {isa = PBXBuildFile; productRef = 99B60F782443472100C1FA44 /* PhoneNumberKit */; };
		99B60F7B2443475D00C1FA44 /* PhoneNumberMetadata.json in Resources */ = {isa = PBXBuildFile; fileRef = 99B60F7A2443475D00C1FA44 /* PhoneNumberMetadata.json */; };
		99B60F7D2443B99800C1FA44 /* BlurredBackgroundView.swift in Sources */ = {isa = PBXBuildFile; fileRef = 99B60F7C2443B99800C1FA44 /* BlurredBackgroundView.swift */; };
		99E25F212441C56600D9446C /* GoogleService-Info.plist in Resources */ = {isa = PBXBuildFile; fileRef = 99E25F202441C56600D9446C /* GoogleService-Info.plist */; };
		99FFA2BF244301D7002DBD9C /* CombineSugar.swift in Sources */ = {isa = PBXBuildFile; fileRef = 99FFA2BE244301D7002DBD9C /* CombineSugar.swift */; };
		99FFA2C124431035002DBD9C /* DatabaseScripts.swift in Sources */ = {isa = PBXBuildFile; fileRef = 99FFA2C024431035002DBD9C /* DatabaseScripts.swift */; };
		99FFA2C7244310E5002DBD9C /* Country.swift in Sources */ = {isa = PBXBuildFile; fileRef = 99FFA2C6244310E5002DBD9C /* Country.swift */; };
		99FFA2C9244310F9002DBD9C /* Song.swift in Sources */ = {isa = PBXBuildFile; fileRef = 99FFA2C8244310F9002DBD9C /* Song.swift */; };
		99FFA2CB2443111C002DBD9C /* Song+UseCases.swift in Sources */ = {isa = PBXBuildFile; fileRef = 99FFA2CA2443111C002DBD9C /* Song+UseCases.swift */; };
		99FFA2CD24431174002DBD9C /* FirebaseImplementation.swift in Sources */ = {isa = PBXBuildFile; fileRef = 99FFA2CC24431174002DBD9C /* FirebaseImplementation.swift */; };
		99FFA2CF244312EE002DBD9C /* Country+UseCases.swift in Sources */ = {isa = PBXBuildFile; fileRef = 99FFA2CE244312EE002DBD9C /* Country+UseCases.swift */; };
/* End PBXBuildFile section */

/* Begin PBXFileReference section */
		3F0EA228B16E3A9BD1043BED /* Pods-Eurovision2020.debug.xcconfig */ = {isa = PBXFileReference; includeInIndex = 1; lastKnownFileType = text.xcconfig; name = "Pods-Eurovision2020.debug.xcconfig"; path = "Target Support Files/Pods-Eurovision2020/Pods-Eurovision2020.debug.xcconfig"; sourceTree = "<group>"; };
		99112B88243F93C90067CF2D /* FlagKit.framework */ = {isa = PBXFileReference; lastKnownFileType = wrapper.framework; name = FlagKit.framework; path = ../Carthage/Build/iOS/FlagKit.framework; sourceTree = "<group>"; };
		99112B8A243F94600067CF2D /* FlagKit.framework */ = {isa = PBXFileReference; lastKnownFileType = wrapper.framework; name = FlagKit.framework; path = Carthage/Build/iOS/FlagKit.framework; sourceTree = "<group>"; };
		99112B8C243F9CAD0067CF2D /* SummaryVC.swift */ = {isa = PBXFileReference; lastKnownFileType = sourcecode.swift; path = SummaryVC.swift; sourceTree = "<group>"; };
		99112B8E243F9CD60067CF2D /* SummaryView.swift */ = {isa = PBXFileReference; lastKnownFileType = sourcecode.swift; path = SummaryView.swift; sourceTree = "<group>"; };
		99298510243C632200F14364 /* Eurovision2020.app */ = {isa = PBXFileReference; explicitFileType = wrapper.application; includeInIndex = 0; path = Eurovision2020.app; sourceTree = BUILT_PRODUCTS_DIR; };
		99298513243C632200F14364 /* AppDelegate.swift */ = {isa = PBXFileReference; lastKnownFileType = sourcecode.swift; path = AppDelegate.swift; sourceTree = "<group>"; };
		99298517243C632200F14364 /* PhoneNumberValidationVC.swift */ = {isa = PBXFileReference; lastKnownFileType = sourcecode.swift; path = PhoneNumberValidationVC.swift; sourceTree = "<group>"; };
		9929851C243C632300F14364 /* Assets.xcassets */ = {isa = PBXFileReference; lastKnownFileType = folder.assetcatalog; path = Assets.xcassets; sourceTree = "<group>"; };
		9929851F243C632300F14364 /* Base */ = {isa = PBXFileReference; lastKnownFileType = file.storyboard; name = Base; path = Base.lproj/LaunchScreen.storyboard; sourceTree = "<group>"; };
		99298521243C632300F14364 /* Info.plist */ = {isa = PBXFileReference; lastKnownFileType = text.plist.xml; path = Info.plist; sourceTree = "<group>"; };
		9963479A243E36A50095BCF1 /* PhoneNumberValidationView.swift */ = {isa = PBXFileReference; lastKnownFileType = sourcecode.swift; path = PhoneNumberValidationView.swift; sourceTree = "<group>"; };
		9963479C243F06890095BCF1 /* VotingVC.swift */ = {isa = PBXFileReference; lastKnownFileType = sourcecode.swift; path = VotingVC.swift; sourceTree = "<group>"; };
		9963479E243F06D10095BCF1 /* VotingView.swift */ = {isa = PBXFileReference; lastKnownFileType = sourcecode.swift; path = VotingView.swift; sourceTree = "<group>"; };
		996347A0243F0BD90095BCF1 /* VotingCell.swift */ = {isa = PBXFileReference; lastKnownFileType = sourcecode.swift; path = VotingCell.swift; sourceTree = "<group>"; };
		99B60F7A2443475D00C1FA44 /* PhoneNumberMetadata.json */ = {isa = PBXFileReference; fileEncoding = 4; lastKnownFileType = text.json; path = PhoneNumberMetadata.json; sourceTree = "<group>"; };
		99B60F7C2443B99800C1FA44 /* BlurredBackgroundView.swift */ = {isa = PBXFileReference; lastKnownFileType = sourcecode.swift; path = BlurredBackgroundView.swift; sourceTree = "<group>"; };
		99E25F202441C56600D9446C /* GoogleService-Info.plist */ = {isa = PBXFileReference; fileEncoding = 4; lastKnownFileType = text.plist.xml; path = "GoogleService-Info.plist"; sourceTree = "<group>"; };
		99FFA2BE244301D7002DBD9C /* CombineSugar.swift */ = {isa = PBXFileReference; lastKnownFileType = sourcecode.swift; path = CombineSugar.swift; sourceTree = "<group>"; };
		99FFA2C024431035002DBD9C /* DatabaseScripts.swift */ = {isa = PBXFileReference; lastKnownFileType = sourcecode.swift; path = DatabaseScripts.swift; sourceTree = "<group>"; };
		99FFA2C6244310E5002DBD9C /* Country.swift */ = {isa = PBXFileReference; lastKnownFileType = sourcecode.swift; path = Country.swift; sourceTree = "<group>"; };
		99FFA2C8244310F9002DBD9C /* Song.swift */ = {isa = PBXFileReference; lastKnownFileType = sourcecode.swift; path = Song.swift; sourceTree = "<group>"; };
		99FFA2CA2443111C002DBD9C /* Song+UseCases.swift */ = {isa = PBXFileReference; lastKnownFileType = sourcecode.swift; path = "Song+UseCases.swift"; sourceTree = "<group>"; };
		99FFA2CC24431174002DBD9C /* FirebaseImplementation.swift */ = {isa = PBXFileReference; lastKnownFileType = sourcecode.swift; path = FirebaseImplementation.swift; sourceTree = "<group>"; };
		99FFA2CE244312EE002DBD9C /* Country+UseCases.swift */ = {isa = PBXFileReference; lastKnownFileType = sourcecode.swift; path = "Country+UseCases.swift"; sourceTree = "<group>"; };
		C8F67B4E9DA075C51D4D149B /* Pods_Eurovision2020.framework */ = {isa = PBXFileReference; explicitFileType = wrapper.framework; includeInIndex = 0; path = Pods_Eurovision2020.framework; sourceTree = BUILT_PRODUCTS_DIR; };
		F4AB9607EED72B90F8705FB3 /* Pods-Eurovision2020.release.xcconfig */ = {isa = PBXFileReference; includeInIndex = 1; lastKnownFileType = text.xcconfig; name = "Pods-Eurovision2020.release.xcconfig"; path = "Target Support Files/Pods-Eurovision2020/Pods-Eurovision2020.release.xcconfig"; sourceTree = "<group>"; };
/* End PBXFileReference section */

/* Begin PBXFrameworksBuildPhase section */
		9929850D243C632200F14364 /* Frameworks */ = {
			isa = PBXFrameworksBuildPhase;
			buildActionMask = 2147483647;
			files = (
				99634799243E36500095BCF1 /* KeyboardLayoutGuide in Frameworks */,
				99B60F792443472100C1FA44 /* PhoneNumberKit in Frameworks */,
				99298529243C7B7200F14364 /* Stevia in Frameworks */,
				99112B8B243F94600067CF2D /* FlagKit.framework in Frameworks */,
				5E1AABCD616444C39F84AF77 /* Pods_Eurovision2020.framework in Frameworks */,
			);
			runOnlyForDeploymentPostprocessing = 0;
		};
/* End PBXFrameworksBuildPhase section */

/* Begin PBXGroup section */
		9217D520BC4265709AD7612C /* Pods */ = {
			isa = PBXGroup;
			children = (
				3F0EA228B16E3A9BD1043BED /* Pods-Eurovision2020.debug.xcconfig */,
				F4AB9607EED72B90F8705FB3 /* Pods-Eurovision2020.release.xcconfig */,
			);
			path = Pods;
			sourceTree = "<group>";
		};
		99112B85243F92B70067CF2D /* Frameworks */ = {
			isa = PBXGroup;
			children = (
				99112B8A243F94600067CF2D /* FlagKit.framework */,
				99112B88243F93C90067CF2D /* FlagKit.framework */,
				C8F67B4E9DA075C51D4D149B /* Pods_Eurovision2020.framework */,
			);
			name = Frameworks;
			sourceTree = "<group>";
		};
		99298507243C632200F14364 = {
			isa = PBXGroup;
			children = (
				99E25F202441C56600D9446C /* GoogleService-Info.plist */,
				99298512243C632200F14364 /* Eurovision2020 */,
				99298511243C632200F14364 /* Products */,
				99112B85243F92B70067CF2D /* Frameworks */,
				9217D520BC4265709AD7612C /* Pods */,
			);
			sourceTree = "<group>";
		};
		99298511243C632200F14364 /* Products */ = {
			isa = PBXGroup;
			children = (
				99298510243C632200F14364 /* Eurovision2020.app */,
			);
			name = Products;
			sourceTree = "<group>";
		};
		99298512243C632200F14364 /* Eurovision2020 */ = {
			isa = PBXGroup;
			children = (
				99298513243C632200F14364 /* AppDelegate.swift */,
				99FFA2CC24431174002DBD9C /* FirebaseImplementation.swift */,
				99FFA2C224431091002DBD9C /* Phone Validation */,
				99FFA2C32443109A002DBD9C /* Voting */,
				99FFA2C4244310A5002DBD9C /* Summary */,
				99FFA2C5244310B6002DBD9C /* Helpers */,
				99B60F7524433B8D00C1FA44 /* Core */,
				99B60F76244345D200C1FA44 /* Resources */,
				9929851C243C632300F14364 /* Assets.xcassets */,
				9929851E243C632300F14364 /* LaunchScreen.storyboard */,
				99298521243C632300F14364 /* Info.plist */,
			);
			path = Eurovision2020;
			sourceTree = "<group>";
		};
		99B60F7524433B8D00C1FA44 /* Core */ = {
			isa = PBXGroup;
			children = (
				99FFA2C6244310E5002DBD9C /* Country.swift */,
				99FFA2C8244310F9002DBD9C /* Song.swift */,
				99FFA2CA2443111C002DBD9C /* Song+UseCases.swift */,
				99FFA2CE244312EE002DBD9C /* Country+UseCases.swift */,
			);
			path = Core;
			sourceTree = "<group>";
		};
		99B60F76244345D200C1FA44 /* Resources */ = {
			isa = PBXGroup;
			children = (
				99B60F7A2443475D00C1FA44 /* PhoneNumberMetadata.json */,
			);
			path = Resources;
			sourceTree = "<group>";
		};
		99FFA2C224431091002DBD9C /* Phone Validation */ = {
			isa = PBXGroup;
			children = (
				99298517243C632200F14364 /* PhoneNumberValidationVC.swift */,
				9963479A243E36A50095BCF1 /* PhoneNumberValidationView.swift */,
			);
			path = "Phone Validation";
			sourceTree = "<group>";
		};
		99FFA2C32443109A002DBD9C /* Voting */ = {
			isa = PBXGroup;
			children = (
				9963479E243F06D10095BCF1 /* VotingView.swift */,
				996347A0243F0BD90095BCF1 /* VotingCell.swift */,
				9963479C243F06890095BCF1 /* VotingVC.swift */,
			);
			path = Voting;
			sourceTree = "<group>";
		};
		99FFA2C4244310A5002DBD9C /* Summary */ = {
			isa = PBXGroup;
			children = (
				99112B8E243F9CD60067CF2D /* SummaryView.swift */,
				99112B8C243F9CAD0067CF2D /* SummaryVC.swift */,
			);
			path = Summary;
			sourceTree = "<group>";
		};
		99FFA2C5244310B6002DBD9C /* Helpers */ = {
			isa = PBXGroup;
			children = (
				99FFA2C024431035002DBD9C /* DatabaseScripts.swift */,
				99FFA2BE244301D7002DBD9C /* CombineSugar.swift */,
				99B60F7C2443B99800C1FA44 /* BlurredBackgroundView.swift */,
			);
			path = Helpers;
			sourceTree = "<group>";
		};
/* End PBXGroup section */

/* Begin PBXNativeTarget section */
		9929850F243C632200F14364 /* Eurovision2020 */ = {
			isa = PBXNativeTarget;
			buildConfigurationList = 99298524243C632300F14364 /* Build configuration list for PBXNativeTarget "Eurovision2020" */;
			buildPhases = (
				D49791B1B15EA762720CBC2A /* [CP] Check Pods Manifest.lock */,
				9929850C243C632200F14364 /* Sources */,
				9929850D243C632200F14364 /* Frameworks */,
				9929850E243C632200F14364 /* Resources */,
				99112B84243F924E0067CF2D /* ShellScript */,
				086666CEFE2E5AEBF28A1735 /* [CP] Embed Pods Frameworks */,
			);
			buildRules = (
			);
			dependencies = (
			);
			name = Eurovision2020;
			packageProductDependencies = (
				99298528243C7B7200F14364 /* Stevia */,
				99634798243E36500095BCF1 /* KeyboardLayoutGuide */,
				99B60F782443472100C1FA44 /* PhoneNumberKit */,
			);
			productName = Eurovision2020;
			productReference = 99298510243C632200F14364 /* Eurovision2020.app */;
			productType = "com.apple.product-type.application";
		};
/* End PBXNativeTarget section */

/* Begin PBXProject section */
		99298508243C632200F14364 /* Project object */ = {
			isa = PBXProject;
			attributes = {
				LastSwiftUpdateCheck = 1130;
				LastUpgradeCheck = 1130;
				ORGANIZATIONNAME = MarsacProductions;
				TargetAttributes = {
					9929850F243C632200F14364 = {
						CreatedOnToolsVersion = 11.3.1;
					};
				};
			};
			buildConfigurationList = 9929850B243C632200F14364 /* Build configuration list for PBXProject "Eurovision2020" */;
			compatibilityVersion = "Xcode 9.3";
			developmentRegion = en;
			hasScannedForEncodings = 0;
			knownRegions = (
				en,
				Base,
			);
			mainGroup = 99298507243C632200F14364;
			packageReferences = (
				99298527243C7B7200F14364 /* XCRemoteSwiftPackageReference "Stevia" */,
				99634797243E36500095BCF1 /* XCRemoteSwiftPackageReference "KeyboardLayoutGuide" */,
				99B60F772443472100C1FA44 /* XCRemoteSwiftPackageReference "PhoneNumberKit" */,
			);
			productRefGroup = 99298511243C632200F14364 /* Products */;
			projectDirPath = "";
			projectRoot = "";
			targets = (
				9929850F243C632200F14364 /* Eurovision2020 */,
			);
		};
/* End PBXProject section */

/* Begin PBXResourcesBuildPhase section */
		9929850E243C632200F14364 /* Resources */ = {
			isa = PBXResourcesBuildPhase;
			buildActionMask = 2147483647;
			files = (
				99B60F7B2443475D00C1FA44 /* PhoneNumberMetadata.json in Resources */,
				99298520243C632300F14364 /* LaunchScreen.storyboard in Resources */,
				9929851D243C632300F14364 /* Assets.xcassets in Resources */,
				99E25F212441C56600D9446C /* GoogleService-Info.plist in Resources */,
			);
			runOnlyForDeploymentPostprocessing = 0;
		};
/* End PBXResourcesBuildPhase section */

/* Begin PBXShellScriptBuildPhase section */
		086666CEFE2E5AEBF28A1735 /* [CP] Embed Pods Frameworks */ = {
			isa = PBXShellScriptBuildPhase;
			buildActionMask = 2147483647;
			files = (
			);
			inputFileListPaths = (
				"${PODS_ROOT}/Target Support Files/Pods-Eurovision2020/Pods-Eurovision2020-frameworks-${CONFIGURATION}-input-files.xcfilelist",
			);
			name = "[CP] Embed Pods Frameworks";
			outputFileListPaths = (
				"${PODS_ROOT}/Target Support Files/Pods-Eurovision2020/Pods-Eurovision2020-frameworks-${CONFIGURATION}-output-files.xcfilelist",
			);
			runOnlyForDeploymentPostprocessing = 0;
			shellPath = /bin/sh;
			shellScript = "\"${PODS_ROOT}/Target Support Files/Pods-Eurovision2020/Pods-Eurovision2020-frameworks.sh\"\n";
			showEnvVarsInLog = 0;
		};
		99112B84243F924E0067CF2D /* ShellScript */ = {
			isa = PBXShellScriptBuildPhase;
			buildActionMask = 2147483647;
			files = (
			);
			inputFileListPaths = (
			);
			inputPaths = (
				"$(SRCROOT)/Carthage/Build/iOS/FlagKit.framework",
			);
			outputFileListPaths = (
			);
			outputPaths = (
				"$(BUILT_PRODUCTS_DIR)/$(FRAMEWORKS_FOLDER_PATH)/FlagKit.framework",
			);
			runOnlyForDeploymentPostprocessing = 0;
			shellPath = /bin/sh;
			shellScript = "/usr/local/bin/carthage copy-frameworks\n";
		};
		D49791B1B15EA762720CBC2A /* [CP] Check Pods Manifest.lock */ = {
			isa = PBXShellScriptBuildPhase;
			buildActionMask = 2147483647;
			files = (
			);
			inputFileListPaths = (
			);
			inputPaths = (
				"${PODS_PODFILE_DIR_PATH}/Podfile.lock",
				"${PODS_ROOT}/Manifest.lock",
			);
			name = "[CP] Check Pods Manifest.lock";
			outputFileListPaths = (
			);
			outputPaths = (
				"$(DERIVED_FILE_DIR)/Pods-Eurovision2020-checkManifestLockResult.txt",
			);
			runOnlyForDeploymentPostprocessing = 0;
			shellPath = /bin/sh;
			shellScript = "diff \"${PODS_PODFILE_DIR_PATH}/Podfile.lock\" \"${PODS_ROOT}/Manifest.lock\" > /dev/null\nif [ $? != 0 ] ; then\n    # print error to STDERR\n    echo \"error: The sandbox is not in sync with the Podfile.lock. Run 'pod install' or update your CocoaPods installation.\" >&2\n    exit 1\nfi\n# This output is used by Xcode 'outputs' to avoid re-running this script phase.\necho \"SUCCESS\" > \"${SCRIPT_OUTPUT_FILE_0}\"\n";
			showEnvVarsInLog = 0;
		};
/* End PBXShellScriptBuildPhase section */

/* Begin PBXSourcesBuildPhase section */
		9929850C243C632200F14364 /* Sources */ = {
			isa = PBXSourcesBuildPhase;
			buildActionMask = 2147483647;
			files = (
				99FFA2CD24431174002DBD9C /* FirebaseImplementation.swift in Sources */,
				99B60F7D2443B99800C1FA44 /* BlurredBackgroundView.swift in Sources */,
				99FFA2C9244310F9002DBD9C /* Song.swift in Sources */,
				99112B8D243F9CAD0067CF2D /* SummaryVC.swift in Sources */,
				99FFA2C124431035002DBD9C /* DatabaseScripts.swift in Sources */,
				99FFA2CF244312EE002DBD9C /* Country+UseCases.swift in Sources */,
				99FFA2CB2443111C002DBD9C /* Song+UseCases.swift in Sources */,
				9963479F243F06D10095BCF1 /* VotingView.swift in Sources */,
				9963479B243E36A50095BCF1 /* PhoneNumberValidationView.swift in Sources */,
				9963479D243F06890095BCF1 /* VotingVC.swift in Sources */,
				99298518243C632200F14364 /* PhoneNumberValidationVC.swift in Sources */,
				99FFA2BF244301D7002DBD9C /* CombineSugar.swift in Sources */,
				99FFA2C7244310E5002DBD9C /* Country.swift in Sources */,
				99112B8F243F9CD60067CF2D /* SummaryView.swift in Sources */,
				996347A1243F0BD90095BCF1 /* VotingCell.swift in Sources */,
				99298514243C632200F14364 /* AppDelegate.swift in Sources */,
			);
			runOnlyForDeploymentPostprocessing = 0;
		};
/* End PBXSourcesBuildPhase section */

/* Begin PBXVariantGroup section */
		9929851E243C632300F14364 /* LaunchScreen.storyboard */ = {
			isa = PBXVariantGroup;
			children = (
				9929851F243C632300F14364 /* Base */,
			);
			name = LaunchScreen.storyboard;
			sourceTree = "<group>";
		};
/* End PBXVariantGroup section */

/* Begin XCBuildConfiguration section */
		99298522243C632300F14364 /* Debug */ = {
			isa = XCBuildConfiguration;
			buildSettings = {
				ALWAYS_SEARCH_USER_PATHS = NO;
				CLANG_ANALYZER_NONNULL = YES;
				CLANG_ANALYZER_NUMBER_OBJECT_CONVERSION = YES_AGGRESSIVE;
				CLANG_CXX_LANGUAGE_STANDARD = "gnu++14";
				CLANG_CXX_LIBRARY = "libc++";
				CLANG_ENABLE_MODULES = YES;
				CLANG_ENABLE_OBJC_ARC = YES;
				CLANG_ENABLE_OBJC_WEAK = YES;
				CLANG_WARN_BLOCK_CAPTURE_AUTORELEASING = YES;
				CLANG_WARN_BOOL_CONVERSION = YES;
				CLANG_WARN_COMMA = YES;
				CLANG_WARN_CONSTANT_CONVERSION = YES;
				CLANG_WARN_DEPRECATED_OBJC_IMPLEMENTATIONS = YES;
				CLANG_WARN_DIRECT_OBJC_ISA_USAGE = YES_ERROR;
				CLANG_WARN_DOCUMENTATION_COMMENTS = YES;
				CLANG_WARN_EMPTY_BODY = YES;
				CLANG_WARN_ENUM_CONVERSION = YES;
				CLANG_WARN_INFINITE_RECURSION = YES;
				CLANG_WARN_INT_CONVERSION = YES;
				CLANG_WARN_NON_LITERAL_NULL_CONVERSION = YES;
				CLANG_WARN_OBJC_IMPLICIT_RETAIN_SELF = YES;
				CLANG_WARN_OBJC_LITERAL_CONVERSION = YES;
				CLANG_WARN_OBJC_ROOT_CLASS = YES_ERROR;
				CLANG_WARN_RANGE_LOOP_ANALYSIS = YES;
				CLANG_WARN_STRICT_PROTOTYPES = YES;
				CLANG_WARN_SUSPICIOUS_MOVE = YES;
				CLANG_WARN_UNGUARDED_AVAILABILITY = YES_AGGRESSIVE;
				CLANG_WARN_UNREACHABLE_CODE = YES;
				CLANG_WARN__DUPLICATE_METHOD_MATCH = YES;
				COPY_PHASE_STRIP = NO;
				DEBUG_INFORMATION_FORMAT = dwarf;
				ENABLE_STRICT_OBJC_MSGSEND = YES;
				ENABLE_TESTABILITY = YES;
				GCC_C_LANGUAGE_STANDARD = gnu11;
				GCC_DYNAMIC_NO_PIC = NO;
				GCC_NO_COMMON_BLOCKS = YES;
				GCC_OPTIMIZATION_LEVEL = 0;
				GCC_PREPROCESSOR_DEFINITIONS = (
					"DEBUG=1",
					"$(inherited)",
				);
				GCC_WARN_64_TO_32_BIT_CONVERSION = YES;
				GCC_WARN_ABOUT_RETURN_TYPE = YES_ERROR;
				GCC_WARN_UNDECLARED_SELECTOR = YES;
				GCC_WARN_UNINITIALIZED_AUTOS = YES_AGGRESSIVE;
				GCC_WARN_UNUSED_FUNCTION = YES;
				GCC_WARN_UNUSED_VARIABLE = YES;
				IPHONEOS_DEPLOYMENT_TARGET = 13.2;
				MTL_ENABLE_DEBUG_INFO = INCLUDE_SOURCE;
				MTL_FAST_MATH = YES;
				ONLY_ACTIVE_ARCH = YES;
				SDKROOT = iphoneos;
				SWIFT_ACTIVE_COMPILATION_CONDITIONS = DEBUG;
				SWIFT_OPTIMIZATION_LEVEL = "-Onone";
			};
			name = Debug;
		};
		99298523243C632300F14364 /* Release */ = {
			isa = XCBuildConfiguration;
			buildSettings = {
				ALWAYS_SEARCH_USER_PATHS = NO;
				CLANG_ANALYZER_NONNULL = YES;
				CLANG_ANALYZER_NUMBER_OBJECT_CONVERSION = YES_AGGRESSIVE;
				CLANG_CXX_LANGUAGE_STANDARD = "gnu++14";
				CLANG_CXX_LIBRARY = "libc++";
				CLANG_ENABLE_MODULES = YES;
				CLANG_ENABLE_OBJC_ARC = YES;
				CLANG_ENABLE_OBJC_WEAK = YES;
				CLANG_WARN_BLOCK_CAPTURE_AUTORELEASING = YES;
				CLANG_WARN_BOOL_CONVERSION = YES;
				CLANG_WARN_COMMA = YES;
				CLANG_WARN_CONSTANT_CONVERSION = YES;
				CLANG_WARN_DEPRECATED_OBJC_IMPLEMENTATIONS = YES;
				CLANG_WARN_DIRECT_OBJC_ISA_USAGE = YES_ERROR;
				CLANG_WARN_DOCUMENTATION_COMMENTS = YES;
				CLANG_WARN_EMPTY_BODY = YES;
				CLANG_WARN_ENUM_CONVERSION = YES;
				CLANG_WARN_INFINITE_RECURSION = YES;
				CLANG_WARN_INT_CONVERSION = YES;
				CLANG_WARN_NON_LITERAL_NULL_CONVERSION = YES;
				CLANG_WARN_OBJC_IMPLICIT_RETAIN_SELF = YES;
				CLANG_WARN_OBJC_LITERAL_CONVERSION = YES;
				CLANG_WARN_OBJC_ROOT_CLASS = YES_ERROR;
				CLANG_WARN_RANGE_LOOP_ANALYSIS = YES;
				CLANG_WARN_STRICT_PROTOTYPES = YES;
				CLANG_WARN_SUSPICIOUS_MOVE = YES;
				CLANG_WARN_UNGUARDED_AVAILABILITY = YES_AGGRESSIVE;
				CLANG_WARN_UNREACHABLE_CODE = YES;
				CLANG_WARN__DUPLICATE_METHOD_MATCH = YES;
				COPY_PHASE_STRIP = NO;
				DEBUG_INFORMATION_FORMAT = "dwarf-with-dsym";
				ENABLE_NS_ASSERTIONS = NO;
				ENABLE_STRICT_OBJC_MSGSEND = YES;
				GCC_C_LANGUAGE_STANDARD = gnu11;
				GCC_NO_COMMON_BLOCKS = YES;
				GCC_WARN_64_TO_32_BIT_CONVERSION = YES;
				GCC_WARN_ABOUT_RETURN_TYPE = YES_ERROR;
				GCC_WARN_UNDECLARED_SELECTOR = YES;
				GCC_WARN_UNINITIALIZED_AUTOS = YES_AGGRESSIVE;
				GCC_WARN_UNUSED_FUNCTION = YES;
				GCC_WARN_UNUSED_VARIABLE = YES;
				IPHONEOS_DEPLOYMENT_TARGET = 13.2;
				MTL_ENABLE_DEBUG_INFO = NO;
				MTL_FAST_MATH = YES;
				SDKROOT = iphoneos;
				SWIFT_COMPILATION_MODE = wholemodule;
				SWIFT_OPTIMIZATION_LEVEL = "-O";
				VALIDATE_PRODUCT = YES;
			};
			name = Release;
		};
		99298525243C632300F14364 /* Debug */ = {
			isa = XCBuildConfiguration;
			baseConfigurationReference = 3F0EA228B16E3A9BD1043BED /* Pods-Eurovision2020.debug.xcconfig */;
			buildSettings = {
				ASSETCATALOG_COMPILER_APPICON_NAME = AppIcon;
				CODE_SIGN_IDENTITY = "Apple Development";
				CODE_SIGN_STYLE = Automatic;
				CURRENT_PROJECT_VERSION = 2;
				DEVELOPMENT_TEAM = J9YALKHJ5R;
				FRAMEWORK_SEARCH_PATHS = (
					"$(inherited)",
					"$(PROJECT_DIR)/Carthage/Build/iOS",
				);
				INFOPLIST_FILE = Eurovision2020/Info.plist;
				LD_RUNPATH_SEARCH_PATHS = (
					"$(inherited)",
					"@executable_path/Frameworks",
				);
				PRODUCT_BUNDLE_IDENTIFIER = com.marsacprod.eurovision2020;
				PRODUCT_NAME = "$(TARGET_NAME)";
				PROVISIONING_PROFILE_SPECIFIER = "";
				SWIFT_VERSION = 5.0;
				TARGETED_DEVICE_FAMILY = "1,2";
			};
			name = Debug;
		};
		99298526243C632300F14364 /* Release */ = {
			isa = XCBuildConfiguration;
			baseConfigurationReference = F4AB9607EED72B90F8705FB3 /* Pods-Eurovision2020.release.xcconfig */;
			buildSettings = {
				ASSETCATALOG_COMPILER_APPICON_NAME = AppIcon;
				CODE_SIGN_IDENTITY = "Apple Development";
				CODE_SIGN_STYLE = Automatic;
				CURRENT_PROJECT_VERSION = 2;
				DEVELOPMENT_TEAM = J9YALKHJ5R;
				FRAMEWORK_SEARCH_PATHS = (
					"$(inherited)",
					"$(PROJECT_DIR)/Carthage/Build/iOS",
				);
				INFOPLIST_FILE = Eurovision2020/Info.plist;
				LD_RUNPATH_SEARCH_PATHS = (
					"$(inherited)",
					"@executable_path/Frameworks",
				);
				PRODUCT_BUNDLE_IDENTIFIER = com.marsacprod.eurovision2020;
				PRODUCT_NAME = "$(TARGET_NAME)";
				PROVISIONING_PROFILE_SPECIFIER = "";
				SWIFT_VERSION = 5.0;
				TARGETED_DEVICE_FAMILY = "1,2";
			};
			name = Release;
		};
/* End XCBuildConfiguration section */

/* Begin XCConfigurationList section */
		9929850B243C632200F14364 /* Build configuration list for PBXProject "Eurovision2020" */ = {
			isa = XCConfigurationList;
			buildConfigurations = (
				99298522243C632300F14364 /* Debug */,
				99298523243C632300F14364 /* Release */,
			);
			defaultConfigurationIsVisible = 0;
			defaultConfigurationName = Release;
		};
		99298524243C632300F14364 /* Build configuration list for PBXNativeTarget "Eurovision2020" */ = {
			isa = XCConfigurationList;
			buildConfigurations = (
				99298525243C632300F14364 /* Debug */,
				99298526243C632300F14364 /* Release */,
			);
			defaultConfigurationIsVisible = 0;
			defaultConfigurationName = Release;
		};
/* End XCConfigurationList section */

/* Begin XCRemoteSwiftPackageReference section */
		99298527243C7B7200F14364 /* XCRemoteSwiftPackageReference "Stevia" */ = {
			isa = XCRemoteSwiftPackageReference;
			repositoryURL = "https://github.com/freshOS/Stevia.git";
			requirement = {
				kind = exactVersion;
				version = 5.0.0;
			};
		};
		99634797243E36500095BCF1 /* XCRemoteSwiftPackageReference "KeyboardLayoutGuide" */ = {
			isa = XCRemoteSwiftPackageReference;
			repositoryURL = "https://github.com/freshOS/KeyboardLayoutGuide.git";
			requirement = {
				kind = exactVersion;
				version = 1.7.0;
			};
		};
		99B60F772443472100C1FA44 /* XCRemoteSwiftPackageReference "PhoneNumberKit" */ = {
			isa = XCRemoteSwiftPackageReference;
			repositoryURL = "https://github.com/marmelroy/PhoneNumberKit";
			requirement = {
				kind = exactVersion;
				version = 3.2.0;
			};
		};
/* End XCRemoteSwiftPackageReference section */

/* Begin XCSwiftPackageProductDependency section */
		99298528243C7B7200F14364 /* Stevia */ = {
			isa = XCSwiftPackageProductDependency;
			package = 99298527243C7B7200F14364 /* XCRemoteSwiftPackageReference "Stevia" */;
			productName = Stevia;
		};
		99634798243E36500095BCF1 /* KeyboardLayoutGuide */ = {
			isa = XCSwiftPackageProductDependency;
			package = 99634797243E36500095BCF1 /* XCRemoteSwiftPackageReference "KeyboardLayoutGuide" */;
			productName = KeyboardLayoutGuide;
		};
		99B60F782443472100C1FA44 /* PhoneNumberKit */ = {
			isa = XCSwiftPackageProductDependency;
			package = 99B60F772443472100C1FA44 /* XCRemoteSwiftPackageReference "PhoneNumberKit" */;
			productName = PhoneNumberKit;
		};
/* End XCSwiftPackageProductDependency section */
	};
	rootObject = 99298508243C632200F14364 /* Project object */;
}
