// !$*UTF8*$!
{
	archiveVersion = 1;
	classes = {
	};
	objectVersion = 54;
	objects = {

/* Begin PBXBuildFile section */
		990E8E3E244612AB002A5B62 /* Networking in Frameworks */ = {isa = PBXBuildFile; productRef = 990E8E3D244612AB002A5B62 /* Networking */; };
		99112B8D243F9CAD0067CF2D /* SummaryVC.swift in Sources */ = {isa = PBXBuildFile; fileRef = 99112B8C243F9CAD0067CF2D /* SummaryVC.swift */; };
		99112B8F243F9CD60067CF2D /* SummaryView.swift in Sources */ = {isa = PBXBuildFile; fileRef = 99112B8E243F9CD60067CF2D /* SummaryView.swift */; };
		99298514243C632200F14364 /* AppDelegate.swift in Sources */ = {isa = PBXBuildFile; fileRef = 99298513243C632200F14364 /* AppDelegate.swift */; };
		99298518243C632200F14364 /* PhoneNumberValidationVC.swift in Sources */ = {isa = PBXBuildFile; fileRef = 99298517243C632200F14364 /* PhoneNumberValidationVC.swift */; };
		9929851D243C632300F14364 /* Assets.xcassets in Resources */ = {isa = PBXBuildFile; fileRef = 9929851C243C632300F14364 /* Assets.xcassets */; };
		99298520243C632300F14364 /* LaunchScreen.storyboard in Resources */ = {isa = PBXBuildFile; fileRef = 9929851E243C632300F14364 /* LaunchScreen.storyboard */; };
		99298529243C7B7200F14364 /* Stevia in Frameworks */ = {isa = PBXBuildFile; productRef = 99298528243C7B7200F14364 /* Stevia */; };
		992D04DB29E77868002B9CED /* Song.swift in Sources */ = {isa = PBXBuildFile; fileRef = 992D04DA29E77868002B9CED /* Song.swift */; };
		992D04DD29E77879002B9CED /* Country.swift in Sources */ = {isa = PBXBuildFile; fileRef = 992D04DC29E77879002B9CED /* Country.swift */; };
		992D04DF29E7788C002B9CED /* User.swift in Sources */ = {isa = PBXBuildFile; fileRef = 992D04DE29E7788C002B9CED /* User.swift */; };
		992D04E129E7790B002B9CED /* FirebaseUser.swift in Sources */ = {isa = PBXBuildFile; fileRef = 992D04E029E7790B002B9CED /* FirebaseUser.swift */; };
		992D04E329E7791A002B9CED /* FirebaseSong.swift in Sources */ = {isa = PBXBuildFile; fileRef = 992D04E229E7791A002B9CED /* FirebaseSong.swift */; };
		992D04E529E77943002B9CED /* FirebaseCountry.swift in Sources */ = {isa = PBXBuildFile; fileRef = 992D04E429E77943002B9CED /* FirebaseCountry.swift */; };
		992D04E729E77956002B9CED /* FirebaseVote.swift in Sources */ = {isa = PBXBuildFile; fileRef = 992D04E629E77956002B9CED /* FirebaseVote.swift */; };
		992D04E929E77ABB002B9CED /* SongRepository.swift in Sources */ = {isa = PBXBuildFile; fileRef = 992D04E829E77ABB002B9CED /* SongRepository.swift */; };
		992D04EB29E77AC8002B9CED /* SongService.swift in Sources */ = {isa = PBXBuildFile; fileRef = 992D04EA29E77AC8002B9CED /* SongService.swift */; };
		992D04ED29E77B15002B9CED /* FirebaseSongRepository.swift in Sources */ = {isa = PBXBuildFile; fileRef = 992D04EC29E77B15002B9CED /* FirebaseSongRepository.swift */; };
		992D04F029E8D8D8002B9CED /* YouTubeiOSPlayerHelper in Frameworks */ = {isa = PBXBuildFile; productRef = 992D04EF29E8D8D8002B9CED /* YouTubeiOSPlayerHelper */; };
		995CEF4329E66D5500CA2B3D /* FlagKit in Frameworks */ = {isa = PBXBuildFile; productRef = 995CEF4229E66D5500CA2B3D /* FlagKit */; };
		995CEF4629E6764700CA2B3D /* FirebaseAnalytics in Frameworks */ = {isa = PBXBuildFile; productRef = 995CEF4529E6764700CA2B3D /* FirebaseAnalytics */; };
		995CEF4829E6764700CA2B3D /* FirebaseAnalyticsSwift in Frameworks */ = {isa = PBXBuildFile; productRef = 995CEF4729E6764700CA2B3D /* FirebaseAnalyticsSwift */; };
		995CEF4A29E6764700CA2B3D /* FirebaseAuth in Frameworks */ = {isa = PBXBuildFile; productRef = 995CEF4929E6764700CA2B3D /* FirebaseAuth */; };
		995CEF4C29E6764700CA2B3D /* FirebaseCrashlytics in Frameworks */ = {isa = PBXBuildFile; productRef = 995CEF4B29E6764700CA2B3D /* FirebaseCrashlytics */; };
		995CEF4E29E6764700CA2B3D /* FirebaseFirestore in Frameworks */ = {isa = PBXBuildFile; productRef = 995CEF4D29E6764700CA2B3D /* FirebaseFirestore */; };
		995CEF5029E6764700CA2B3D /* FirebaseFirestoreSwift in Frameworks */ = {isa = PBXBuildFile; productRef = 995CEF4F29E6764700CA2B3D /* FirebaseFirestoreSwift */; };
		995CEF5229E6764700CA2B3D /* FirebaseRemoteConfig in Frameworks */ = {isa = PBXBuildFile; productRef = 995CEF5129E6764700CA2B3D /* FirebaseRemoteConfig */; };
		995CEF5429E6764700CA2B3D /* FirebaseRemoteConfigSwift in Frameworks */ = {isa = PBXBuildFile; productRef = 995CEF5329E6764700CA2B3D /* FirebaseRemoteConfigSwift */; };
		9963479B243E36A50095BCF1 /* PhoneNumberValidationView.swift in Sources */ = {isa = PBXBuildFile; fileRef = 9963479A243E36A50095BCF1 /* PhoneNumberValidationView.swift */; };
		9963479D243F06890095BCF1 /* VotingVC.swift in Sources */ = {isa = PBXBuildFile; fileRef = 9963479C243F06890095BCF1 /* VotingVC.swift */; };
		9963479F243F06D10095BCF1 /* VotingView.swift in Sources */ = {isa = PBXBuildFile; fileRef = 9963479E243F06D10095BCF1 /* VotingView.swift */; };
		996347A1243F0BD90095BCF1 /* VotingCell.swift in Sources */ = {isa = PBXBuildFile; fileRef = 996347A0243F0BD90095BCF1 /* VotingCell.swift */; };
		99652F88244C7219008911CE /* UIButton+BackgroundColor.swift in Sources */ = {isa = PBXBuildFile; fileRef = 99652F87244C7219008911CE /* UIButton+BackgroundColor.swift */; };
		99652F8B244C7257008911CE /* Styles.swift in Sources */ = {isa = PBXBuildFile; fileRef = 99652F8A244C7257008911CE /* Styles.swift */; };
		99AE3AF0246147A700B4B881 /* LoadingButton.swift in Sources */ = {isa = PBXBuildFile; fileRef = 99AE3AEF246147A700B4B881 /* LoadingButton.swift */; };
		99AE3AF424614F6700B4B881 /* PrivacyPolicyVC.swift in Sources */ = {isa = PBXBuildFile; fileRef = 99AE3AF324614F6700B4B881 /* PrivacyPolicyVC.swift */; };
		99AE3AF624614F7800B4B881 /* PrivacyPolicyView.swift in Sources */ = {isa = PBXBuildFile; fileRef = 99AE3AF524614F7800B4B881 /* PrivacyPolicyView.swift */; };
		99B60F792443472100C1FA44 /* PhoneNumberKit in Frameworks */ = {isa = PBXBuildFile; productRef = 99B60F782443472100C1FA44 /* PhoneNumberKit */; };
		99B60F7B2443475D00C1FA44 /* PhoneNumberMetadata.json in Resources */ = {isa = PBXBuildFile; fileRef = 99B60F7A2443475D00C1FA44 /* PhoneNumberMetadata.json */; };
		99B60F7D2443B99800C1FA44 /* BlurredBackgroundView.swift in Sources */ = {isa = PBXBuildFile; fileRef = 99B60F7C2443B99800C1FA44 /* BlurredBackgroundView.swift */; };
		99C5560924517A8D00A2A2BB /* SummaryVoteView.swift in Sources */ = {isa = PBXBuildFile; fileRef = 99C5560824517A8D00A2A2BB /* SummaryVoteView.swift */; };
		99E25F212441C56600D9446C /* GoogleService-Info.plist in Resources */ = {isa = PBXBuildFile; fileRef = 99E25F202441C56600D9446C /* GoogleService-Info.plist */; };
		99EDFFD329FC676F0085DC3F /* UserService.swift in Sources */ = {isa = PBXBuildFile; fileRef = 99EDFFD229FC676F0085DC3F /* UserService.swift */; };
		99FEB69024516AB500F4E13B /* NavVC.swift in Sources */ = {isa = PBXBuildFile; fileRef = 99FEB68F24516AB500F4E13B /* NavVC.swift */; };
		99FFA2BF244301D7002DBD9C /* CombineSugar.swift in Sources */ = {isa = PBXBuildFile; fileRef = 99FFA2BE244301D7002DBD9C /* CombineSugar.swift */; };
		99FFA2CB2443111C002DBD9C /* UserRepository.swift in Sources */ = {isa = PBXBuildFile; fileRef = 99FFA2CA2443111C002DBD9C /* UserRepository.swift */; };
		99FFA2CD24431174002DBD9C /* FirebaseUserRepository.swift in Sources */ = {isa = PBXBuildFile; fileRef = 99FFA2CC24431174002DBD9C /* FirebaseUserRepository.swift */; };
/* End PBXBuildFile section */

/* Begin PBXCopyFilesBuildPhase section */
		999CA1D8244F56EE006F6720 /* Embed Frameworks */ = {
			isa = PBXCopyFilesBuildPhase;
			buildActionMask = 2147483647;
			dstPath = "";
			dstSubfolderSpec = 10;
			files = (
			);
			name = "Embed Frameworks";
			runOnlyForDeploymentPostprocessing = 0;
		};
/* End PBXCopyFilesBuildPhase section */

/* Begin PBXFileReference section */
		99112B88243F93C90067CF2D /* FlagKit.framework */ = {isa = PBXFileReference; lastKnownFileType = wrapper.framework; name = FlagKit.framework; path = ../Carthage/Build/iOS/FlagKit.framework; sourceTree = "<group>"; };
		99112B8A243F94600067CF2D /* FlagKit.framework */ = {isa = PBXFileReference; lastKnownFileType = wrapper.framework; name = FlagKit.framework; path = Carthage/Build/iOS/FlagKit.framework; sourceTree = "<group>"; };
		99112B8C243F9CAD0067CF2D /* SummaryVC.swift */ = {isa = PBXFileReference; lastKnownFileType = sourcecode.swift; path = SummaryVC.swift; sourceTree = "<group>"; };
		99112B8E243F9CD60067CF2D /* SummaryView.swift */ = {isa = PBXFileReference; lastKnownFileType = sourcecode.swift; path = SummaryView.swift; sourceTree = "<group>"; };
		99298510243C632200F14364 /* EuroScorer.app */ = {isa = PBXFileReference; explicitFileType = wrapper.application; includeInIndex = 0; path = EuroScorer.app; sourceTree = BUILT_PRODUCTS_DIR; };
		99298513243C632200F14364 /* AppDelegate.swift */ = {isa = PBXFileReference; lastKnownFileType = sourcecode.swift; path = AppDelegate.swift; sourceTree = "<group>"; };
		99298517243C632200F14364 /* PhoneNumberValidationVC.swift */ = {isa = PBXFileReference; lastKnownFileType = sourcecode.swift; path = PhoneNumberValidationVC.swift; sourceTree = "<group>"; };
		9929851C243C632300F14364 /* Assets.xcassets */ = {isa = PBXFileReference; lastKnownFileType = folder.assetcatalog; path = Assets.xcassets; sourceTree = "<group>"; };
		9929851F243C632300F14364 /* Base */ = {isa = PBXFileReference; lastKnownFileType = file.storyboard; name = Base; path = Base.lproj/LaunchScreen.storyboard; sourceTree = "<group>"; };
		99298521243C632300F14364 /* Info.plist */ = {isa = PBXFileReference; lastKnownFileType = text.plist.xml; path = Info.plist; sourceTree = "<group>"; };
		992D04DA29E77868002B9CED /* Song.swift */ = {isa = PBXFileReference; lastKnownFileType = sourcecode.swift; path = Song.swift; sourceTree = "<group>"; };
		992D04DC29E77879002B9CED /* Country.swift */ = {isa = PBXFileReference; lastKnownFileType = sourcecode.swift; path = Country.swift; sourceTree = "<group>"; };
		992D04DE29E7788C002B9CED /* User.swift */ = {isa = PBXFileReference; lastKnownFileType = sourcecode.swift; path = User.swift; sourceTree = "<group>"; };
		992D04E029E7790B002B9CED /* FirebaseUser.swift */ = {isa = PBXFileReference; lastKnownFileType = sourcecode.swift; path = FirebaseUser.swift; sourceTree = "<group>"; };
		992D04E229E7791A002B9CED /* FirebaseSong.swift */ = {isa = PBXFileReference; lastKnownFileType = sourcecode.swift; path = FirebaseSong.swift; sourceTree = "<group>"; };
		992D04E429E77943002B9CED /* FirebaseCountry.swift */ = {isa = PBXFileReference; lastKnownFileType = sourcecode.swift; path = FirebaseCountry.swift; sourceTree = "<group>"; };
		992D04E629E77956002B9CED /* FirebaseVote.swift */ = {isa = PBXFileReference; lastKnownFileType = sourcecode.swift; path = FirebaseVote.swift; sourceTree = "<group>"; };
		992D04E829E77ABB002B9CED /* SongRepository.swift */ = {isa = PBXFileReference; lastKnownFileType = sourcecode.swift; path = SongRepository.swift; sourceTree = "<group>"; };
		992D04EA29E77AC8002B9CED /* SongService.swift */ = {isa = PBXFileReference; lastKnownFileType = sourcecode.swift; path = SongService.swift; sourceTree = "<group>"; };
		992D04EC29E77B15002B9CED /* FirebaseSongRepository.swift */ = {isa = PBXFileReference; lastKnownFileType = sourcecode.swift; path = FirebaseSongRepository.swift; sourceTree = "<group>"; };
		9953E25A244AF62900EF51F5 /* FirebaseFirestore.framework */ = {isa = PBXFileReference; lastKnownFileType = wrapper.framework; name = FirebaseFirestore.framework; path = Carthage/Build/iOS/FirebaseFirestore.framework; sourceTree = "<group>"; };
		9953E25C244AF63100EF51F5 /* FirebaseCore.framework */ = {isa = PBXFileReference; lastKnownFileType = wrapper.framework; name = FirebaseCore.framework; path = Carthage/Build/iOS/FirebaseCore.framework; sourceTree = "<group>"; };
		9953E25F244AF65000EF51F5 /* FirebaseAnalytics.framework */ = {isa = PBXFileReference; lastKnownFileType = wrapper.framework; name = FirebaseAnalytics.framework; path = Carthage/Build/iOS/FirebaseAnalytics.framework; sourceTree = "<group>"; };
		9953E261244AF65C00EF51F5 /* FirebaseAuth.framework */ = {isa = PBXFileReference; lastKnownFileType = wrapper.framework; name = FirebaseAuth.framework; path = Carthage/Build/iOS/FirebaseAuth.framework; sourceTree = "<group>"; };
		9953E265244AF6A500EF51F5 /* FirebaseCoreDiagnostics.framework */ = {isa = PBXFileReference; lastKnownFileType = wrapper.framework; name = FirebaseCoreDiagnostics.framework; path = Carthage/Build/iOS/FirebaseCoreDiagnostics.framework; sourceTree = "<group>"; };
		9953E267244AF71400EF51F5 /* FIRAnalyticsConnector.framework */ = {isa = PBXFileReference; lastKnownFileType = wrapper.framework; name = FIRAnalyticsConnector.framework; path = Carthage/Build/iOS/FIRAnalyticsConnector.framework; sourceTree = "<group>"; };
		9953E268244AF71400EF51F5 /* BoringSSL-GRPC.framework */ = {isa = PBXFileReference; lastKnownFileType = wrapper.framework; name = "BoringSSL-GRPC.framework"; path = "Carthage/Build/iOS/BoringSSL-GRPC.framework"; sourceTree = "<group>"; };
		9953E269244AF71400EF51F5 /* GoogleDataTransport.framework */ = {isa = PBXFileReference; lastKnownFileType = wrapper.framework; name = GoogleDataTransport.framework; path = Carthage/Build/iOS/GoogleDataTransport.framework; sourceTree = "<group>"; };
		9953E26A244AF71400EF51F5 /* PromisesObjC.framework */ = {isa = PBXFileReference; lastKnownFileType = wrapper.framework; name = PromisesObjC.framework; path = Carthage/Build/iOS/PromisesObjC.framework; sourceTree = "<group>"; };
		9953E26B244AF71500EF51F5 /* gRPC-Core.framework */ = {isa = PBXFileReference; lastKnownFileType = wrapper.framework; name = "gRPC-Core.framework"; path = "Carthage/Build/iOS/gRPC-Core.framework"; sourceTree = "<group>"; };
		9953E26C244AF71500EF51F5 /* leveldb-library.framework */ = {isa = PBXFileReference; lastKnownFileType = wrapper.framework; name = "leveldb-library.framework"; path = "Carthage/Build/iOS/leveldb-library.framework"; sourceTree = "<group>"; };
		9953E26D244AF71500EF51F5 /* Firebase.framework */ = {isa = PBXFileReference; lastKnownFileType = wrapper.framework; name = Firebase.framework; path = Carthage/Build/iOS/Firebase.framework; sourceTree = "<group>"; };
		9953E26E244AF71500EF51F5 /* GoogleDataTransportCCTSupport.framework */ = {isa = PBXFileReference; lastKnownFileType = wrapper.framework; name = GoogleDataTransportCCTSupport.framework; path = Carthage/Build/iOS/GoogleDataTransportCCTSupport.framework; sourceTree = "<group>"; };
		9953E26F244AF71500EF51F5 /* GoogleAppMeasurement.framework */ = {isa = PBXFileReference; lastKnownFileType = wrapper.framework; name = GoogleAppMeasurement.framework; path = Carthage/Build/iOS/GoogleAppMeasurement.framework; sourceTree = "<group>"; };
		9953E270244AF71500EF51F5 /* GTMSessionFetcher.framework */ = {isa = PBXFileReference; lastKnownFileType = wrapper.framework; name = GTMSessionFetcher.framework; path = Carthage/Build/iOS/GTMSessionFetcher.framework; sourceTree = "<group>"; };
		9953E271244AF71500EF51F5 /* GoogleUtilities.framework */ = {isa = PBXFileReference; lastKnownFileType = wrapper.framework; name = GoogleUtilities.framework; path = Carthage/Build/iOS/GoogleUtilities.framework; sourceTree = "<group>"; };
		9953E272244AF71500EF51F5 /* abseil.framework */ = {isa = PBXFileReference; lastKnownFileType = wrapper.framework; name = abseil.framework; path = Carthage/Build/iOS/abseil.framework; sourceTree = "<group>"; };
		9953E273244AF71500EF51F5 /* gRPC-C++.framework */ = {isa = PBXFileReference; lastKnownFileType = wrapper.framework; name = "gRPC-C++.framework"; path = "Carthage/Build/iOS/gRPC-C++.framework"; sourceTree = "<group>"; };
		9953E274244AF71500EF51F5 /* nanopb.framework */ = {isa = PBXFileReference; lastKnownFileType = wrapper.framework; name = nanopb.framework; path = Carthage/Build/iOS/nanopb.framework; sourceTree = "<group>"; };
		9953E275244AF71500EF51F5 /* FirebaseInstallations.framework */ = {isa = PBXFileReference; lastKnownFileType = wrapper.framework; name = FirebaseInstallations.framework; path = Carthage/Build/iOS/FirebaseInstallations.framework; sourceTree = "<group>"; };
		9963479A243E36A50095BCF1 /* PhoneNumberValidationView.swift */ = {isa = PBXFileReference; lastKnownFileType = sourcecode.swift; path = PhoneNumberValidationView.swift; sourceTree = "<group>"; };
		9963479C243F06890095BCF1 /* VotingVC.swift */ = {isa = PBXFileReference; lastKnownFileType = sourcecode.swift; path = VotingVC.swift; sourceTree = "<group>"; };
		9963479E243F06D10095BCF1 /* VotingView.swift */ = {isa = PBXFileReference; lastKnownFileType = sourcecode.swift; path = VotingView.swift; sourceTree = "<group>"; };
		996347A0243F0BD90095BCF1 /* VotingCell.swift */ = {isa = PBXFileReference; lastKnownFileType = sourcecode.swift; path = VotingCell.swift; sourceTree = "<group>"; };
		99652F87244C7219008911CE /* UIButton+BackgroundColor.swift */ = {isa = PBXFileReference; lastKnownFileType = sourcecode.swift; path = "UIButton+BackgroundColor.swift"; sourceTree = "<group>"; };
		99652F8A244C7257008911CE /* Styles.swift */ = {isa = PBXFileReference; lastKnownFileType = sourcecode.swift; path = Styles.swift; sourceTree = "<group>"; };
		99652F8C244C7FD0008911CE /* EuroScorer.entitlements */ = {isa = PBXFileReference; lastKnownFileType = text.plist.entitlements; path = EuroScorer.entitlements; sourceTree = "<group>"; };
		99AE3AEF246147A700B4B881 /* LoadingButton.swift */ = {isa = PBXFileReference; lastKnownFileType = sourcecode.swift; path = LoadingButton.swift; sourceTree = "<group>"; };
		99AE3AF324614F6700B4B881 /* PrivacyPolicyVC.swift */ = {isa = PBXFileReference; lastKnownFileType = sourcecode.swift; path = PrivacyPolicyVC.swift; sourceTree = "<group>"; };
		99AE3AF524614F7800B4B881 /* PrivacyPolicyView.swift */ = {isa = PBXFileReference; lastKnownFileType = sourcecode.swift; path = PrivacyPolicyView.swift; sourceTree = "<group>"; };
		99AE3AF724615C4900B4B881 /* FirebaseRemoteConfig.framework */ = {isa = PBXFileReference; lastKnownFileType = wrapper.framework; name = FirebaseRemoteConfig.framework; path = Carthage/Build/iOS/FirebaseRemoteConfig.framework; sourceTree = "<group>"; };
		99AE3AFB24615EA900B4B881 /* FirebaseInstanceID.framework */ = {isa = PBXFileReference; lastKnownFileType = wrapper.framework; name = FirebaseInstanceID.framework; path = Carthage/Build/iOS/FirebaseInstanceID.framework; sourceTree = "<group>"; };
		99AE3AFC24615EA900B4B881 /* Protobuf.framework */ = {isa = PBXFileReference; lastKnownFileType = wrapper.framework; name = Protobuf.framework; path = Carthage/Build/iOS/Protobuf.framework; sourceTree = "<group>"; };
		99AE3AFD24615EA900B4B881 /* FirebaseABTesting.framework */ = {isa = PBXFileReference; lastKnownFileType = wrapper.framework; name = FirebaseABTesting.framework; path = Carthage/Build/iOS/FirebaseABTesting.framework; sourceTree = "<group>"; };
		99B60F7A2443475D00C1FA44 /* PhoneNumberMetadata.json */ = {isa = PBXFileReference; fileEncoding = 4; lastKnownFileType = text.json; path = PhoneNumberMetadata.json; sourceTree = "<group>"; };
		99B60F7C2443B99800C1FA44 /* BlurredBackgroundView.swift */ = {isa = PBXFileReference; lastKnownFileType = sourcecode.swift; path = BlurredBackgroundView.swift; sourceTree = "<group>"; };
		99C5560824517A8D00A2A2BB /* SummaryVoteView.swift */ = {isa = PBXFileReference; lastKnownFileType = sourcecode.swift; path = SummaryVoteView.swift; sourceTree = "<group>"; };
		99E25F202441C56600D9446C /* GoogleService-Info.plist */ = {isa = PBXFileReference; fileEncoding = 4; lastKnownFileType = text.plist.xml; path = "GoogleService-Info.plist"; sourceTree = "<group>"; };
		99EDFFD229FC676F0085DC3F /* UserService.swift */ = {isa = PBXFileReference; lastKnownFileType = sourcecode.swift; path = UserService.swift; sourceTree = "<group>"; };
		99FEB68F24516AB500F4E13B /* NavVC.swift */ = {isa = PBXFileReference; lastKnownFileType = sourcecode.swift; path = NavVC.swift; sourceTree = "<group>"; };
		99FFA2BE244301D7002DBD9C /* CombineSugar.swift */ = {isa = PBXFileReference; lastKnownFileType = sourcecode.swift; path = CombineSugar.swift; sourceTree = "<group>"; };
		99FFA2CA2443111C002DBD9C /* UserRepository.swift */ = {isa = PBXFileReference; lastKnownFileType = sourcecode.swift; path = UserRepository.swift; sourceTree = "<group>"; };
		99FFA2CC24431174002DBD9C /* FirebaseUserRepository.swift */ = {isa = PBXFileReference; lastKnownFileType = sourcecode.swift; path = FirebaseUserRepository.swift; sourceTree = "<group>"; };
/* End PBXFileReference section */

/* Begin PBXFrameworksBuildPhase section */
		9929850D243C632200F14364 /* Frameworks */ = {
			isa = PBXFrameworksBuildPhase;
			buildActionMask = 2147483647;
			files = (
				995CEF4629E6764700CA2B3D /* FirebaseAnalytics in Frameworks */,
				990E8E3E244612AB002A5B62 /* Networking in Frameworks */,
				995CEF5429E6764700CA2B3D /* FirebaseRemoteConfigSwift in Frameworks */,
				99B60F792443472100C1FA44 /* PhoneNumberKit in Frameworks */,
				995CEF4A29E6764700CA2B3D /* FirebaseAuth in Frameworks */,
				995CEF4829E6764700CA2B3D /* FirebaseAnalyticsSwift in Frameworks */,
				995CEF4C29E6764700CA2B3D /* FirebaseCrashlytics in Frameworks */,
				99298529243C7B7200F14364 /* Stevia in Frameworks */,
				992D04F029E8D8D8002B9CED /* YouTubeiOSPlayerHelper in Frameworks */,
				995CEF4E29E6764700CA2B3D /* FirebaseFirestore in Frameworks */,
				995CEF5229E6764700CA2B3D /* FirebaseRemoteConfig in Frameworks */,
				995CEF4329E66D5500CA2B3D /* FlagKit in Frameworks */,
				995CEF5029E6764700CA2B3D /* FirebaseFirestoreSwift in Frameworks */,
			);
			runOnlyForDeploymentPostprocessing = 0;
		};
/* End PBXFrameworksBuildPhase section */

/* Begin PBXGroup section */
		99112B85243F92B70067CF2D /* Frameworks */ = {
			isa = PBXGroup;
			children = (
				99AE3AFD24615EA900B4B881 /* FirebaseABTesting.framework */,
				99AE3AFB24615EA900B4B881 /* FirebaseInstanceID.framework */,
				99AE3AFC24615EA900B4B881 /* Protobuf.framework */,
				99AE3AF724615C4900B4B881 /* FirebaseRemoteConfig.framework */,
				9953E272244AF71500EF51F5 /* abseil.framework */,
				9953E268244AF71400EF51F5 /* BoringSSL-GRPC.framework */,
				9953E267244AF71400EF51F5 /* FIRAnalyticsConnector.framework */,
				9953E26D244AF71500EF51F5 /* Firebase.framework */,
				9953E275244AF71500EF51F5 /* FirebaseInstallations.framework */,
				9953E26F244AF71500EF51F5 /* GoogleAppMeasurement.framework */,
				9953E269244AF71400EF51F5 /* GoogleDataTransport.framework */,
				9953E26E244AF71500EF51F5 /* GoogleDataTransportCCTSupport.framework */,
				9953E271244AF71500EF51F5 /* GoogleUtilities.framework */,
				9953E273244AF71500EF51F5 /* gRPC-C++.framework */,
				9953E26B244AF71500EF51F5 /* gRPC-Core.framework */,
				9953E270244AF71500EF51F5 /* GTMSessionFetcher.framework */,
				9953E26C244AF71500EF51F5 /* leveldb-library.framework */,
				9953E274244AF71500EF51F5 /* nanopb.framework */,
				9953E26A244AF71400EF51F5 /* PromisesObjC.framework */,
				9953E265244AF6A500EF51F5 /* FirebaseCoreDiagnostics.framework */,
				9953E261244AF65C00EF51F5 /* FirebaseAuth.framework */,
				9953E25F244AF65000EF51F5 /* FirebaseAnalytics.framework */,
				9953E25C244AF63100EF51F5 /* FirebaseCore.framework */,
				9953E25A244AF62900EF51F5 /* FirebaseFirestore.framework */,
				99112B8A243F94600067CF2D /* FlagKit.framework */,
				99112B88243F93C90067CF2D /* FlagKit.framework */,
			);
			name = Frameworks;
			sourceTree = "<group>";
		};
		99298507243C632200F14364 = {
			isa = PBXGroup;
			children = (
				99E25F202441C56600D9446C /* GoogleService-Info.plist */,
				99298512243C632200F14364 /* EuroScorer */,
				99298511243C632200F14364 /* Products */,
				99112B85243F92B70067CF2D /* Frameworks */,
			);
			sourceTree = "<group>";
		};
		99298511243C632200F14364 /* Products */ = {
			isa = PBXGroup;
			children = (
				99298510243C632200F14364 /* EuroScorer.app */,
			);
			name = Products;
			sourceTree = "<group>";
		};
		99298512243C632200F14364 /* EuroScorer */ = {
			isa = PBXGroup;
			children = (
				99652F8C244C7FD0008911CE /* EuroScorer.entitlements */,
				99298513243C632200F14364 /* AppDelegate.swift */,
				992D04D929E77854002B9CED /* Domain */,
				992D04D829E77848002B9CED /* Presentation */,
				992D04D729E77834002B9CED /* Data */,
				99B60F76244345D200C1FA44 /* Resources */,
				9929851C243C632300F14364 /* Assets.xcassets */,
				9929851E243C632300F14364 /* LaunchScreen.storyboard */,
				99298521243C632300F14364 /* Info.plist */,
			);
			path = EuroScorer;
			sourceTree = "<group>";
		};
		992D04D729E77834002B9CED /* Data */ = {
			isa = PBXGroup;
			children = (
				99FFA2CC24431174002DBD9C /* FirebaseUserRepository.swift */,
				992D04EC29E77B15002B9CED /* FirebaseSongRepository.swift */,
				992D04E029E7790B002B9CED /* FirebaseUser.swift */,
				992D04E229E7791A002B9CED /* FirebaseSong.swift */,
				992D04E429E77943002B9CED /* FirebaseCountry.swift */,
				992D04E629E77956002B9CED /* FirebaseVote.swift */,
			);
			path = Data;
			sourceTree = "<group>";
		};
		992D04D829E77848002B9CED /* Presentation */ = {
			isa = PBXGroup;
			children = (
				99FFA2C224431091002DBD9C /* Phone Validation */,
				99FFA2C32443109A002DBD9C /* Voting */,
				99FFA2C4244310A5002DBD9C /* Summary */,
				99AE3AF124614F4500B4B881 /* Terms */,
				99652F89244C723F008911CE /* Common */,
				99FFA2C5244310B6002DBD9C /* Helpers */,
			);
			path = Presentation;
			sourceTree = "<group>";
		};
		992D04D929E77854002B9CED /* Domain */ = {
			isa = PBXGroup;
			children = (
				99FFA2BE244301D7002DBD9C /* CombineSugar.swift */,
				992D04DA29E77868002B9CED /* Song.swift */,
				992D04DC29E77879002B9CED /* Country.swift */,
				992D04DE29E7788C002B9CED /* User.swift */,
				99FFA2CA2443111C002DBD9C /* UserRepository.swift */,
				992D04E829E77ABB002B9CED /* SongRepository.swift */,
				992D04EA29E77AC8002B9CED /* SongService.swift */,
				99EDFFD229FC676F0085DC3F /* UserService.swift */,
			);
			path = Domain;
			sourceTree = "<group>";
		};
		99652F89244C723F008911CE /* Common */ = {
			isa = PBXGroup;
			children = (
				99652F8A244C7257008911CE /* Styles.swift */,
				99FEB68F24516AB500F4E13B /* NavVC.swift */,
				99AE3AEF246147A700B4B881 /* LoadingButton.swift */,
			);
			path = Common;
			sourceTree = "<group>";
		};
		99AE3AF124614F4500B4B881 /* Terms */ = {
			isa = PBXGroup;
			children = (
				99AE3AF324614F6700B4B881 /* PrivacyPolicyVC.swift */,
				99AE3AF524614F7800B4B881 /* PrivacyPolicyView.swift */,
			);
			path = Terms;
			sourceTree = "<group>";
		};
		99B60F76244345D200C1FA44 /* Resources */ = {
			isa = PBXGroup;
			children = (
				99B60F7A2443475D00C1FA44 /* PhoneNumberMetadata.json */,
			);
			path = Resources;
			sourceTree = "<group>";
		};
		99FFA2C224431091002DBD9C /* Phone Validation */ = {
			isa = PBXGroup;
			children = (
				99298517243C632200F14364 /* PhoneNumberValidationVC.swift */,
				9963479A243E36A50095BCF1 /* PhoneNumberValidationView.swift */,
			);
			path = "Phone Validation";
			sourceTree = "<group>";
		};
		99FFA2C32443109A002DBD9C /* Voting */ = {
			isa = PBXGroup;
			children = (
				9963479E243F06D10095BCF1 /* VotingView.swift */,
				996347A0243F0BD90095BCF1 /* VotingCell.swift */,
				9963479C243F06890095BCF1 /* VotingVC.swift */,
			);
			path = Voting;
			sourceTree = "<group>";
		};
		99FFA2C4244310A5002DBD9C /* Summary */ = {
			isa = PBXGroup;
			children = (
				99112B8E243F9CD60067CF2D /* SummaryView.swift */,
				99112B8C243F9CAD0067CF2D /* SummaryVC.swift */,
				99C5560824517A8D00A2A2BB /* SummaryVoteView.swift */,
			);
			path = Summary;
			sourceTree = "<group>";
		};
		99FFA2C5244310B6002DBD9C /* Helpers */ = {
			isa = PBXGroup;
			children = (
				99B60F7C2443B99800C1FA44 /* BlurredBackgroundView.swift */,
				99652F87244C7219008911CE /* UIButton+BackgroundColor.swift */,
			);
			path = Helpers;
			sourceTree = "<group>";
		};
/* End PBXGroup section */

/* Begin PBXNativeTarget section */
		9929850F243C632200F14364 /* EuroScorer */ = {
			isa = PBXNativeTarget;
			buildConfigurationList = 99298524243C632300F14364 /* Build configuration list for PBXNativeTarget "EuroScorer" */;
			buildPhases = (
				9929850C243C632200F14364 /* Sources */,
				9929850D243C632200F14364 /* Frameworks */,
				9929850E243C632200F14364 /* Resources */,
				999CA1D8244F56EE006F6720 /* Embed Frameworks */,
			);
			buildRules = (
			);
			dependencies = (
			);
			name = EuroScorer;
			packageProductDependencies = (
				99298528243C7B7200F14364 /* Stevia */,
				99B60F782443472100C1FA44 /* PhoneNumberKit */,
				990E8E3D244612AB002A5B62 /* Networking */,
				995CEF4229E66D5500CA2B3D /* FlagKit */,
				995CEF4529E6764700CA2B3D /* FirebaseAnalytics */,
				995CEF4729E6764700CA2B3D /* FirebaseAnalyticsSwift */,
				995CEF4929E6764700CA2B3D /* FirebaseAuth */,
				995CEF4B29E6764700CA2B3D /* FirebaseCrashlytics */,
				995CEF4D29E6764700CA2B3D /* FirebaseFirestore */,
				995CEF4F29E6764700CA2B3D /* FirebaseFirestoreSwift */,
				995CEF5129E6764700CA2B3D /* FirebaseRemoteConfig */,
				995CEF5329E6764700CA2B3D /* FirebaseRemoteConfigSwift */,
				992D04EF29E8D8D8002B9CED /* YouTubeiOSPlayerHelper */,
			);
			productName = Eurovision2020;
			productReference = 99298510243C632200F14364 /* EuroScorer.app */;
			productType = "com.apple.product-type.application";
		};
/* End PBXNativeTarget section */

/* Begin PBXProject section */
		99298508243C632200F14364 /* Project object */ = {
			isa = PBXProject;
			attributes = {
				LastSwiftUpdateCheck = 1130;
				LastUpgradeCheck = 1410;
				ORGANIZATIONNAME = MarsacProductions;
				TargetAttributes = {
					9929850F243C632200F14364 = {
						CreatedOnToolsVersion = 11.3.1;
					};
				};
			};
			buildConfigurationList = 9929850B243C632200F14364 /* Build configuration list for PBXProject "EuroScorer" */;
			compatibilityVersion = "Xcode 9.3";
			developmentRegion = en;
			hasScannedForEncodings = 0;
			knownRegions = (
				en,
				Base,
			);
			mainGroup = 99298507243C632200F14364;
			packageReferences = (
				99298527243C7B7200F14364 /* XCRemoteSwiftPackageReference "Stevia" */,
				99B60F772443472100C1FA44 /* XCRemoteSwiftPackageReference "PhoneNumberKit" */,
				990E8E3C244612AB002A5B62 /* XCRemoteSwiftPackageReference "Networking" */,
				995CEF4129E66D5500CA2B3D /* XCRemoteSwiftPackageReference "FlagKit" */,
				995CEF4429E6764700CA2B3D /* XCRemoteSwiftPackageReference "firebase-ios-sdk" */,
				992D04EE29E8D8D8002B9CED /* XCRemoteSwiftPackageReference "youtube-ios-player-helper" */,
			);
			productRefGroup = 99298511243C632200F14364 /* Products */;
			projectDirPath = "";
			projectRoot = "";
			targets = (
				9929850F243C632200F14364 /* EuroScorer */,
			);
		};
/* End PBXProject section */

/* Begin PBXResourcesBuildPhase section */
		9929850E243C632200F14364 /* Resources */ = {
			isa = PBXResourcesBuildPhase;
			buildActionMask = 2147483647;
			files = (
				99B60F7B2443475D00C1FA44 /* PhoneNumberMetadata.json in Resources */,
				99298520243C632300F14364 /* LaunchScreen.storyboard in Resources */,
				9929851D243C632300F14364 /* Assets.xcassets in Resources */,
				99E25F212441C56600D9446C /* GoogleService-Info.plist in Resources */,
			);
			runOnlyForDeploymentPostprocessing = 0;
		};
/* End PBXResourcesBuildPhase section */

/* Begin PBXSourcesBuildPhase section */
		9929850C243C632200F14364 /* Sources */ = {
			isa = PBXSourcesBuildPhase;
			buildActionMask = 2147483647;
			files = (
				992D04EB29E77AC8002B9CED /* SongService.swift in Sources */,
				99FFA2CD24431174002DBD9C /* FirebaseUserRepository.swift in Sources */,
				99B60F7D2443B99800C1FA44 /* BlurredBackgroundView.swift in Sources */,
				992D04E929E77ABB002B9CED /* SongRepository.swift in Sources */,
				99AE3AF0246147A700B4B881 /* LoadingButton.swift in Sources */,
				99112B8D243F9CAD0067CF2D /* SummaryVC.swift in Sources */,
				99FFA2CB2443111C002DBD9C /* UserRepository.swift in Sources */,
				992D04E729E77956002B9CED /* FirebaseVote.swift in Sources */,
				992D04E129E7790B002B9CED /* FirebaseUser.swift in Sources */,
				9963479F243F06D10095BCF1 /* VotingView.swift in Sources */,
				9963479B243E36A50095BCF1 /* PhoneNumberValidationView.swift in Sources */,
				99C5560924517A8D00A2A2BB /* SummaryVoteView.swift in Sources */,
				99AE3AF424614F6700B4B881 /* PrivacyPolicyVC.swift in Sources */,
				992D04DD29E77879002B9CED /* Country.swift in Sources */,
				9963479D243F06890095BCF1 /* VotingVC.swift in Sources */,
				99652F88244C7219008911CE /* UIButton+BackgroundColor.swift in Sources */,
				992D04E329E7791A002B9CED /* FirebaseSong.swift in Sources */,
				99298518243C632200F14364 /* PhoneNumberValidationVC.swift in Sources */,
				992D04ED29E77B15002B9CED /* FirebaseSongRepository.swift in Sources */,
				99FEB69024516AB500F4E13B /* NavVC.swift in Sources */,
				992D04DF29E7788C002B9CED /* User.swift in Sources */,
				99AE3AF624614F7800B4B881 /* PrivacyPolicyView.swift in Sources */,
				99652F8B244C7257008911CE /* Styles.swift in Sources */,
				992D04DB29E77868002B9CED /* Song.swift in Sources */,
				992D04E529E77943002B9CED /* FirebaseCountry.swift in Sources */,
				99FFA2BF244301D7002DBD9C /* CombineSugar.swift in Sources */,
				99EDFFD329FC676F0085DC3F /* UserService.swift in Sources */,
				99112B8F243F9CD60067CF2D /* SummaryView.swift in Sources */,
				996347A1243F0BD90095BCF1 /* VotingCell.swift in Sources */,
				99298514243C632200F14364 /* AppDelegate.swift in Sources */,
			);
			runOnlyForDeploymentPostprocessing = 0;
		};
/* End PBXSourcesBuildPhase section */

/* Begin PBXVariantGroup section */
		9929851E243C632300F14364 /* LaunchScreen.storyboard */ = {
			isa = PBXVariantGroup;
			children = (
				9929851F243C632300F14364 /* Base */,
			);
			name = LaunchScreen.storyboard;
			sourceTree = "<group>";
		};
/* End PBXVariantGroup section */

/* Begin XCBuildConfiguration section */
		99298522243C632300F14364 /* Debug */ = {
			isa = XCBuildConfiguration;
			buildSettings = {
				ALWAYS_SEARCH_USER_PATHS = NO;
				CLANG_ANALYZER_NONNULL = YES;
				CLANG_ANALYZER_NUMBER_OBJECT_CONVERSION = YES_AGGRESSIVE;
				CLANG_CXX_LANGUAGE_STANDARD = "gnu++14";
				CLANG_CXX_LIBRARY = "libc++";
				CLANG_ENABLE_MODULES = YES;
				CLANG_ENABLE_OBJC_ARC = YES;
				CLANG_ENABLE_OBJC_WEAK = YES;
				CLANG_WARN_BLOCK_CAPTURE_AUTORELEASING = YES;
				CLANG_WARN_BOOL_CONVERSION = YES;
				CLANG_WARN_COMMA = YES;
				CLANG_WARN_CONSTANT_CONVERSION = YES;
				CLANG_WARN_DEPRECATED_OBJC_IMPLEMENTATIONS = YES;
				CLANG_WARN_DIRECT_OBJC_ISA_USAGE = YES_ERROR;
				CLANG_WARN_DOCUMENTATION_COMMENTS = YES;
				CLANG_WARN_EMPTY_BODY = YES;
				CLANG_WARN_ENUM_CONVERSION = YES;
				CLANG_WARN_INFINITE_RECURSION = YES;
				CLANG_WARN_INT_CONVERSION = YES;
				CLANG_WARN_NON_LITERAL_NULL_CONVERSION = YES;
				CLANG_WARN_OBJC_IMPLICIT_RETAIN_SELF = YES;
				CLANG_WARN_OBJC_LITERAL_CONVERSION = YES;
				CLANG_WARN_OBJC_ROOT_CLASS = YES_ERROR;
				CLANG_WARN_QUOTED_INCLUDE_IN_FRAMEWORK_HEADER = YES;
				CLANG_WARN_RANGE_LOOP_ANALYSIS = YES;
				CLANG_WARN_STRICT_PROTOTYPES = YES;
				CLANG_WARN_SUSPICIOUS_MOVE = YES;
				CLANG_WARN_UNGUARDED_AVAILABILITY = YES_AGGRESSIVE;
				CLANG_WARN_UNREACHABLE_CODE = YES;
				CLANG_WARN__DUPLICATE_METHOD_MATCH = YES;
				COPY_PHASE_STRIP = NO;
				DEBUG_INFORMATION_FORMAT = dwarf;
				ENABLE_BITCODE = YES;
				ENABLE_STRICT_OBJC_MSGSEND = YES;
				ENABLE_TESTABILITY = YES;
				GCC_C_LANGUAGE_STANDARD = gnu11;
				GCC_DYNAMIC_NO_PIC = NO;
				GCC_NO_COMMON_BLOCKS = YES;
				GCC_OPTIMIZATION_LEVEL = 0;
				GCC_PREPROCESSOR_DEFINITIONS = (
					"DEBUG=1",
					"$(inherited)",
				);
				GCC_WARN_64_TO_32_BIT_CONVERSION = YES;
				GCC_WARN_ABOUT_RETURN_TYPE = YES_ERROR;
				GCC_WARN_UNDECLARED_SELECTOR = YES;
				GCC_WARN_UNINITIALIZED_AUTOS = YES_AGGRESSIVE;
				GCC_WARN_UNUSED_FUNCTION = YES;
				GCC_WARN_UNUSED_VARIABLE = YES;
				IPHONEOS_DEPLOYMENT_TARGET = 15.0;
				MTL_ENABLE_DEBUG_INFO = INCLUDE_SOURCE;
				MTL_FAST_MATH = YES;
				ONLY_ACTIVE_ARCH = YES;
				SDKROOT = iphoneos;
				SWIFT_ACTIVE_COMPILATION_CONDITIONS = DEBUG;
				SWIFT_OPTIMIZATION_LEVEL = "-Onone";
			};
			name = Debug;
		};
		99298523243C632300F14364 /* Release */ = {
			isa = XCBuildConfiguration;
			buildSettings = {
				ALWAYS_SEARCH_USER_PATHS = NO;
				CLANG_ANALYZER_NONNULL = YES;
				CLANG_ANALYZER_NUMBER_OBJECT_CONVERSION = YES_AGGRESSIVE;
				CLANG_CXX_LANGUAGE_STANDARD = "gnu++14";
				CLANG_CXX_LIBRARY = "libc++";
				CLANG_ENABLE_MODULES = YES;
				CLANG_ENABLE_OBJC_ARC = YES;
				CLANG_ENABLE_OBJC_WEAK = YES;
				CLANG_WARN_BLOCK_CAPTURE_AUTORELEASING = YES;
				CLANG_WARN_BOOL_CONVERSION = YES;
				CLANG_WARN_COMMA = YES;
				CLANG_WARN_CONSTANT_CONVERSION = YES;
				CLANG_WARN_DEPRECATED_OBJC_IMPLEMENTATIONS = YES;
				CLANG_WARN_DIRECT_OBJC_ISA_USAGE = YES_ERROR;
				CLANG_WARN_DOCUMENTATION_COMMENTS = YES;
				CLANG_WARN_EMPTY_BODY = YES;
				CLANG_WARN_ENUM_CONVERSION = YES;
				CLANG_WARN_INFINITE_RECURSION = YES;
				CLANG_WARN_INT_CONVERSION = YES;
				CLANG_WARN_NON_LITERAL_NULL_CONVERSION = YES;
				CLANG_WARN_OBJC_IMPLICIT_RETAIN_SELF = YES;
				CLANG_WARN_OBJC_LITERAL_CONVERSION = YES;
				CLANG_WARN_OBJC_ROOT_CLASS = YES_ERROR;
				CLANG_WARN_QUOTED_INCLUDE_IN_FRAMEWORK_HEADER = YES;
				CLANG_WARN_RANGE_LOOP_ANALYSIS = YES;
				CLANG_WARN_STRICT_PROTOTYPES = YES;
				CLANG_WARN_SUSPICIOUS_MOVE = YES;
				CLANG_WARN_UNGUARDED_AVAILABILITY = YES_AGGRESSIVE;
				CLANG_WARN_UNREACHABLE_CODE = YES;
				CLANG_WARN__DUPLICATE_METHOD_MATCH = YES;
				COPY_PHASE_STRIP = NO;
				DEBUG_INFORMATION_FORMAT = "dwarf-with-dsym";
				ENABLE_BITCODE = YES;
				ENABLE_NS_ASSERTIONS = NO;
				ENABLE_STRICT_OBJC_MSGSEND = YES;
				GCC_C_LANGUAGE_STANDARD = gnu11;
				GCC_NO_COMMON_BLOCKS = YES;
				GCC_WARN_64_TO_32_BIT_CONVERSION = YES;
				GCC_WARN_ABOUT_RETURN_TYPE = YES_ERROR;
				GCC_WARN_UNDECLARED_SELECTOR = YES;
				GCC_WARN_UNINITIALIZED_AUTOS = YES_AGGRESSIVE;
				GCC_WARN_UNUSED_FUNCTION = YES;
				GCC_WARN_UNUSED_VARIABLE = YES;
				IPHONEOS_DEPLOYMENT_TARGET = 15.0;
				MTL_ENABLE_DEBUG_INFO = NO;
				MTL_FAST_MATH = YES;
				SDKROOT = iphoneos;
				SWIFT_COMPILATION_MODE = wholemodule;
				SWIFT_OPTIMIZATION_LEVEL = "-O";
				VALIDATE_PRODUCT = YES;
			};
			name = Release;
		};
		99298525243C632300F14364 /* Debug */ = {
			isa = XCBuildConfiguration;
			buildSettings = {
				ASSETCATALOG_COMPILER_APPICON_NAME = AppIcon;
				CODE_SIGN_ENTITLEMENTS = EuroScorer/EuroScorer.entitlements;
				CODE_SIGN_IDENTITY = "Apple Development";
				CODE_SIGN_STYLE = Automatic;
				CURRENT_PROJECT_VERSION = 13;
				DEVELOPMENT_TEAM = J9YALKHJ5R;
				ENABLE_BITCODE = NO;
				FRAMEWORK_SEARCH_PATHS = "$(inherited)";
				INFOPLIST_FILE = EuroScorer/Info.plist;
				IPHONEOS_DEPLOYMENT_TARGET = 15.0;
				LD_RUNPATH_SEARCH_PATHS = (
					"$(inherited)",
					"@executable_path/Frameworks",
				);
				MARKETING_VERSION = 1.3;
				OTHER_LDFLAGS = "-ObjC";
				PRODUCT_BUNDLE_IDENTIFIER = com.marsacprod.eurovision2020;
				PRODUCT_NAME = "$(TARGET_NAME)";
				PROVISIONING_PROFILE_SPECIFIER = "";
				SWIFT_VERSION = 5.0;
				TARGETED_DEVICE_FAMILY = "1,2";
			};
			name = Debug;
		};
		99298526243C632300F14364 /* Release */ = {
			isa = XCBuildConfiguration;
			buildSettings = {
				ASSETCATALOG_COMPILER_APPICON_NAME = AppIcon;
				CODE_SIGN_ENTITLEMENTS = EuroScorer/EuroScorer.entitlements;
				CODE_SIGN_IDENTITY = "Apple Development";
				CODE_SIGN_STYLE = Automatic;
				CURRENT_PROJECT_VERSION = 13;
				DEVELOPMENT_TEAM = J9YALKHJ5R;
				ENABLE_BITCODE = NO;
				FRAMEWORK_SEARCH_PATHS = "$(inherited)";
				INFOPLIST_FILE = EuroScorer/Info.plist;
				IPHONEOS_DEPLOYMENT_TARGET = 15.0;
				LD_RUNPATH_SEARCH_PATHS = (
					"$(inherited)",
					"@executable_path/Frameworks",
				);
				MARKETING_VERSION = 1.3;
				OTHER_LDFLAGS = "-ObjC";
				PRODUCT_BUNDLE_IDENTIFIER = com.marsacprod.eurovision2020;
				PRODUCT_NAME = "$(TARGET_NAME)";
				PROVISIONING_PROFILE_SPECIFIER = "";
				SWIFT_VERSION = 5.0;
				TARGETED_DEVICE_FAMILY = "1,2";
			};
			name = Release;
		};
/* End XCBuildConfiguration section */

/* Begin XCConfigurationList section */
		9929850B243C632200F14364 /* Build configuration list for PBXProject "EuroScorer" */ = {
			isa = XCConfigurationList;
			buildConfigurations = (
				99298522243C632300F14364 /* Debug */,
				99298523243C632300F14364 /* Release */,
			);
			defaultConfigurationIsVisible = 0;
			defaultConfigurationName = Release;
		};
		99298524243C632300F14364 /* Build configuration list for PBXNativeTarget "EuroScorer" */ = {
			isa = XCConfigurationList;
			buildConfigurations = (
				99298525243C632300F14364 /* Debug */,
				99298526243C632300F14364 /* Release */,
			);
			defaultConfigurationIsVisible = 0;
			defaultConfigurationName = Release;
		};
/* End XCConfigurationList section */

/* Begin XCRemoteSwiftPackageReference section */
		990E8E3C244612AB002A5B62 /* XCRemoteSwiftPackageReference "Networking" */ = {
			isa = XCRemoteSwiftPackageReference;
			repositoryURL = "https://github.com/freshOS/Networking.git";
			requirement = {
				kind = exactVersion;
				version = 2.0.2;
			};
		};
		99298527243C7B7200F14364 /* XCRemoteSwiftPackageReference "Stevia" */ = {
			isa = XCRemoteSwiftPackageReference;
			repositoryURL = "https://github.com/freshOS/Stevia.git";
			requirement = {
				kind = exactVersion;
				version = 6.0.0;
			};
		};
		992D04EE29E8D8D8002B9CED /* XCRemoteSwiftPackageReference "youtube-ios-player-helper" */ = {
			isa = XCRemoteSwiftPackageReference;
			repositoryURL = "https://github.com/youtube/youtube-ios-player-helper";
			requirement = {
				kind = exactVersion;
				version = 1.0.4;
			};
		};
		995CEF4129E66D5500CA2B3D /* XCRemoteSwiftPackageReference "FlagKit" */ = {
			isa = XCRemoteSwiftPackageReference;
			repositoryURL = "https://github.com/madebybowtie/FlagKit.git";
			requirement = {
				kind = exactVersion;
				version = 2.4.0;
			};
		};
		995CEF4429E6764700CA2B3D /* XCRemoteSwiftPackageReference "firebase-ios-sdk" */ = {
			isa = XCRemoteSwiftPackageReference;
			repositoryURL = "https://github.com/firebase/firebase-ios-sdk";
			requirement = {
				kind = exactVersion;
				version = 10.29.0;
			};
		};
		99B60F772443472100C1FA44 /* XCRemoteSwiftPackageReference "PhoneNumberKit" */ = {
			isa = XCRemoteSwiftPackageReference;
			repositoryURL = "https://github.com/marmelroy/PhoneNumberKit";
			requirement = {
				kind = exactVersion;
				version = 3.2.0;
			};
		};
/* End XCRemoteSwiftPackageReference section */

/* Begin XCSwiftPackageProductDependency section */
		990E8E3D244612AB002A5B62 /* Networking */ = {
			isa = XCSwiftPackageProductDependency;
			package = 990E8E3C244612AB002A5B62 /* XCRemoteSwiftPackageReference "Networking" */;
			productName = Networking;
		};
		99298528243C7B7200F14364 /* Stevia */ = {
			isa = XCSwiftPackageProductDependency;
			package = 99298527243C7B7200F14364 /* XCRemoteSwiftPackageReference "Stevia" */;
			productName = Stevia;
		};
		992D04EF29E8D8D8002B9CED /* YouTubeiOSPlayerHelper */ = {
			isa = XCSwiftPackageProductDependency;
			package = 992D04EE29E8D8D8002B9CED /* XCRemoteSwiftPackageReference "youtube-ios-player-helper" */;
			productName = YouTubeiOSPlayerHelper;
		};
		995CEF4229E66D5500CA2B3D /* FlagKit */ = {
			isa = XCSwiftPackageProductDependency;
			package = 995CEF4129E66D5500CA2B3D /* XCRemoteSwiftPackageReference "FlagKit" */;
			productName = FlagKit;
		};
		995CEF4529E6764700CA2B3D /* FirebaseAnalytics */ = {
			isa = XCSwiftPackageProductDependency;
			package = 995CEF4429E6764700CA2B3D /* XCRemoteSwiftPackageReference "firebase-ios-sdk" */;
			productName = FirebaseAnalytics;
		};
		995CEF4729E6764700CA2B3D /* FirebaseAnalyticsSwift */ = {
			isa = XCSwiftPackageProductDependency;
			package = 995CEF4429E6764700CA2B3D /* XCRemoteSwiftPackageReference "firebase-ios-sdk" */;
			productName = FirebaseAnalyticsSwift;
		};
		995CEF4929E6764700CA2B3D /* FirebaseAuth */ = {
			isa = XCSwiftPackageProductDependency;
			package = 995CEF4429E6764700CA2B3D /* XCRemoteSwiftPackageReference "firebase-ios-sdk" */;
			productName = FirebaseAuth;
		};
		995CEF4B29E6764700CA2B3D /* FirebaseCrashlytics */ = {
			isa = XCSwiftPackageProductDependency;
			package = 995CEF4429E6764700CA2B3D /* XCRemoteSwiftPackageReference "firebase-ios-sdk" */;
			productName = FirebaseCrashlytics;
		};
		995CEF4D29E6764700CA2B3D /* FirebaseFirestore */ = {
			isa = XCSwiftPackageProductDependency;
			package = 995CEF4429E6764700CA2B3D /* XCRemoteSwiftPackageReference "firebase-ios-sdk" */;
			productName = FirebaseFirestore;
		};
		995CEF4F29E6764700CA2B3D /* FirebaseFirestoreSwift */ = {
			isa = XCSwiftPackageProductDependency;
			package = 995CEF4429E6764700CA2B3D /* XCRemoteSwiftPackageReference "firebase-ios-sdk" */;
			productName = FirebaseFirestoreSwift;
		};
		995CEF5129E6764700CA2B3D /* FirebaseRemoteConfig */ = {
			isa = XCSwiftPackageProductDependency;
			package = 995CEF4429E6764700CA2B3D /* XCRemoteSwiftPackageReference "firebase-ios-sdk" */;
			productName = FirebaseRemoteConfig;
		};
		995CEF5329E6764700CA2B3D /* FirebaseRemoteConfigSwift */ = {
			isa = XCSwiftPackageProductDependency;
			package = 995CEF4429E6764700CA2B3D /* XCRemoteSwiftPackageReference "firebase-ios-sdk" */;
			productName = FirebaseRemoteConfigSwift;
		};
		99B60F782443472100C1FA44 /* PhoneNumberKit */ = {
			isa = XCSwiftPackageProductDependency;
			package = 99B60F772443472100C1FA44 /* XCRemoteSwiftPackageReference "PhoneNumberKit" */;
			productName = PhoneNumberKit;
		};
/* End XCSwiftPackageProductDependency section */
	};
	rootObject = 99298508243C632200F14364 /* Project object */;
}
